<?xml version="1.0" encoding="utf-8"?>
<Project ToolsVersion="4.0" xmlns="http://schemas.microsoft.com/developer/msbuild/2003">
  <ItemGroup>
    <Filter Include="Source Files">
      <UniqueIdentifier>{4FC737F1-C7A5-4376-A066-2A32D752A2FF}</UniqueIdentifier>
      <Extensions>cpp;c;cc;cxx;def;odl;idl;hpj;bat;asm;asmx</Extensions>
    </Filter>
    <Filter Include="Header Files">
      <UniqueIdentifier>{93995380-89BD-4b04-88EB-625FBE52EBFB}</UniqueIdentifier>
      <Extensions>h;hpp;hxx;hm;inl;inc;xsd</Extensions>
    </Filter>
    <Filter Include="Resource Files">
      <UniqueIdentifier>{67DA6AB6-F800-4c08-8B7A-83BB121AAD01}</UniqueIdentifier>
      <Extensions>rc;ico;cur;bmp;dlg;rc2;rct;bin;rgs;gif;jpg;jpeg;jpe;resx;tiff;tif;png;wav</Extensions>
    </Filter>
    <Filter Include="Blocks">
      <UniqueIdentifier>{CFAFEA1C-3719-4AF1-801E-6299A823AF12}</UniqueIdentifier>
    </Filter>
    <Filter Include="Blocks\OpenCV3">
      <UniqueIdentifier>{602F5EF3-E0EB-4BAC-AA07-60E627DDF4B6}</UniqueIdentifier>
    </Filter>
    <Filter Include="Blocks\OpenCV3\include">
      <UniqueIdentifier>{B0E7C727-B1AE-4D21-B5E4-9C69C80EE2E5}</UniqueIdentifier>
    </Filter>
    <Filter Include="Blocks\vnm">
      <UniqueIdentifier>{B830C118-BC4A-444E-ADEF-E9EE41F80ADD}</UniqueIdentifier>
    </Filter>
    <Filter Include="Blocks\vnm\src">
      <UniqueIdentifier>{1C47D5A5-6E5F-4EFC-B680-2086A9C9DB9B}</UniqueIdentifier>
    </Filter>
    <Filter Include="Source Files\facetracker">
      <UniqueIdentifier>{c544f5b7-fcb7-4335-ad3c-f9dff2f76401}</UniqueIdentifier>
    </Filter>
  </ItemGroup>
  <ItemGroup>
    <ClCompile Include="..\src\FaceOffApp.cpp">
      <Filter>Source Files</Filter>
    </ClCompile>
    <ClCompile Include="..\src\FaceOffApp.cpp">
      <Filter>Source Files</Filter>
    </ClCompile>
    <ClInclude Include="..\include\Resources.h">
      <Filter>Header Files</Filter>
    </ClInclude>
    <ClInclude Include="..\..\Cinder\blocks\Cinder-OpenCV3\include\CinderOpenCV.h">
      <Filter>Blocks\OpenCV3\include</Filter>
    </ClInclude>
    <ClCompile Include="..\..\Cinder\blocks\Cinder-VNM\src\AssetManager.cpp">
      <Filter>Blocks\vnm\src</Filter>
    </ClCompile>
    <ClCompile Include="..\..\Cinder\blocks\Cinder-VNM\src\DistortionHelper.cpp">
      <Filter>Blocks\vnm\src</Filter>
    </ClCompile>
    <ClCompile Include="..\..\Cinder\blocks\Cinder-VNM\src\MiniConfig.cpp">
      <Filter>Blocks\vnm\src</Filter>
    </ClCompile>
    <ClCompile Include="..\src\ciFaceTracker\ciFaceTracker.cpp">
      <Filter>Source Files</Filter>
    </ClCompile>
    <ClCompile Include="..\src\ciFaceTracker\FaceTracker\CLM.cc">
      <Filter>Source Files\facetracker</Filter>
    </ClCompile>
    <ClCompile Include="..\src\ciFaceTracker\FaceTracker\FCheck.cc">
      <Filter>Source Files\facetracker</Filter>
    </ClCompile>
    <ClCompile Include="..\src\ciFaceTracker\FaceTracker\FDet.cc">
      <Filter>Source Files\facetracker</Filter>
    </ClCompile>
    <ClCompile Include="..\src\ciFaceTracker\FaceTracker\IO.cc">
      <Filter>Source Files\facetracker</Filter>
    </ClCompile>
    <ClCompile Include="..\src\ciFaceTracker\FaceTracker\Patch.cc">
      <Filter>Source Files\facetracker</Filter>
    </ClCompile>
    <ClCompile Include="..\src\ciFaceTracker\FaceTracker\PAW.cc">
      <Filter>Source Files\facetracker</Filter>
    </ClCompile>
    <ClCompile Include="..\src\ciFaceTracker\FaceTracker\PDM.cc">
      <Filter>Source Files\facetracker</Filter>
    </ClCompile>
    <ClCompile Include="..\src\ciFaceTracker\FaceTracker\Tracker.cc">
      <Filter>Source Files\facetracker</Filter>
    </ClCompile>
    <ClCompile Include="..\src\Clone.cpp">
      <Filter>Source Files</Filter>
    </ClCompile>
  </ItemGroup>
  <ItemGroup>
    <ClInclude Include="..\include\Resources.h">
      <Filter>Header Files</Filter>
    </ClInclude>
    <ClInclude Include="..\src\ciFaceTracker\ciFaceTracker.h">
      <Filter>Source Files</Filter>
    </ClInclude>
    <ClInclude Include="..\src\ciFaceTracker\FaceTracker\CLM.h">
      <Filter>Source Files\facetracker</Filter>
    </ClInclude>
    <ClInclude Include="..\src\ciFaceTracker\FaceTracker\FCheck.h">
      <Filter>Source Files\facetracker</Filter>
    </ClInclude>
    <ClInclude Include="..\src\ciFaceTracker\FaceTracker\FDet.h">
      <Filter>Source Files\facetracker</Filter>
    </ClInclude>
    <ClInclude Include="..\src\ciFaceTracker\FaceTracker\IO.h">
      <Filter>Source Files\facetracker</Filter>
    </ClInclude>
    <ClInclude Include="..\src\ciFaceTracker\FaceTracker\Patch.h">
      <Filter>Source Files\facetracker</Filter>
    </ClInclude>
    <ClInclude Include="..\src\ciFaceTracker\FaceTracker\PAW.h">
      <Filter>Source Files\facetracker</Filter>
    </ClInclude>
    <ClInclude Include="..\src\ciFaceTracker\FaceTracker\PDM.h">
      <Filter>Source Files\facetracker</Filter>
    </ClInclude>
    <ClInclude Include="..\src\ciFaceTracker\FaceTracker\Tracker.h">
      <Filter>Source Files\facetracker</Filter>
    </ClInclude>
    <ClInclude Include="..\src\Clone.h">
      <Filter>Source Files</Filter>
    </ClInclude>
    <ClInclude Include="..\..\Cinder\blocks\Cinder-VNM\src\AssetManager.h">
      <Filter>Blocks\vnm\src</Filter>
    </ClInclude>
    <ClInclude Include="..\..\Cinder\blocks\Cinder-VNM\src\CaptureHelper.h">
      <Filter>Blocks\vnm\src</Filter>
    </ClInclude>
    <ClInclude Include="..\..\Cinder\blocks\Cinder-VNM\src\TextureHelper.h">
      <Filter>Blocks\vnm\src</Filter>
    </ClInclude>
  </ItemGroup>
  <ItemGroup>
    <ResourceCompile Include="Resources.rc">
      <Filter>Resource Files</Filter>
    </ResourceCompile>
  </ItemGroup>
  <ItemGroup>
    <None Include="..\include\item.def">
      <Filter>Header Files</Filter>
    </None>
  </ItemGroup>
</Project>