<?xml version="1.0" encoding="utf-8"?>
<Project ToolsVersion="4.0" xmlns="http://schemas.microsoft.com/developer/msbuild/2003">
  <ItemGroup>
    <Filter Include="Source Files">
      <UniqueIdentifier>{4FC737F1-C7A5-4376-A066-2A32D752A2FF}</UniqueIdentifier>
      <Extensions>cpp;c;cc;cxx;def;odl;idl;hpj;bat;asm;asmx</Extensions>
    </Filter>
    <Filter Include="Header Files">
      <UniqueIdentifier>{93995380-89BD-4b04-88EB-625FBE52EBFB}</UniqueIdentifier>
      <Extensions>h;hpp;hxx;hm;inl;inc;xsd</Extensions>
    </Filter>
    <Filter Include="Resource Files">
      <UniqueIdentifier>{67DA6AB6-F800-4c08-8B7A-83BB121AAD01}</UniqueIdentifier>
      <Extensions>rc;ico;cur;bmp;dlg;rc2;rct;bin;rgs;gif;jpg;jpeg;jpe;resx;tiff;tif;png;wav</Extensions>
    </Filter>
    <Filter Include="Blocks">
      <UniqueIdentifier>{CFAFEA1C-3719-4AF1-801E-6299A823AF12}</UniqueIdentifier>
    </Filter>
    <Filter Include="Blocks\OpenCV3">
      <UniqueIdentifier>{602F5EF3-E0EB-4BAC-AA07-60E627DDF4B6}</UniqueIdentifier>
    </Filter>
    <Filter Include="Blocks\OpenCV3\include">
      <UniqueIdentifier>{B0E7C727-B1AE-4D21-B5E4-9C69C80EE2E5}</UniqueIdentifier>
    </Filter>
    <Filter Include="Blocks\vnm">
      <UniqueIdentifier>{B830C118-BC4A-444E-ADEF-E9EE41F80ADD}</UniqueIdentifier>
    </Filter>
    <Filter Include="Blocks\vnm\src">
      <UniqueIdentifier>{1C47D5A5-6E5F-4EFC-B680-2086A9C9DB9B}</UniqueIdentifier>
    </Filter>
    <Filter Include="Source Files\IFaceTracker">
      <UniqueIdentifier>{bc79f5e3-a52c-4e55-b3af-c23260eced81}</UniqueIdentifier>
    </Filter>
    <Filter Include="Source Files\IFaceTracker\jason_saragih_tracker">
      <UniqueIdentifier>{c7cf9fff-ef8e-4ba4-aa00-0945c98cc72c}</UniqueIdentifier>
    </Filter>
    <Filter Include="Source Files\IFaceTracker\jason_saragih_tracker\lib">
      <UniqueIdentifier>{311b048d-7ebc-4e5e-a50b-28e23c0754ac}</UniqueIdentifier>
    </Filter>
    <Filter Include="Blocks\WMFVideo">
      <UniqueIdentifier>{1f3446d9-3fd0-4d73-81e3-ab252fc8a813}</UniqueIdentifier>
    </Filter>
    <Filter Include="Blocks\WMFVideo\src">
      <UniqueIdentifier>{e63db887-7201-45dc-88fe-2a69ebba07c5}</UniqueIdentifier>
    </Filter>
    <Filter Include="Blocks\WMFVideo\src\presenter">
      <UniqueIdentifier>{7aa89ff6-b45d-45d7-beff-f9e30946543f}</UniqueIdentifier>
    </Filter>
    <Filter Include="Blocks\imgui">
      <UniqueIdentifier>{e71c4c9e-444b-4468-a17e-30346df64610}</UniqueIdentifier>
    </Filter>
    <Filter Include="Blocks\imgui\include">
      <UniqueIdentifier>{dbad8737-b818-4d3c-a94a-5cbef1fe9915}</UniqueIdentifier>
    </Filter>
    <Filter Include="Blocks\imgui\src">
      <UniqueIdentifier>{0601e6c7-79ab-4121-b5d7-064fb56566fe}</UniqueIdentifier>
    </Filter>
    <Filter Include="Blocks\imgui\lib">
      <UniqueIdentifier>{0a218ccb-c9fd-4287-9770-1cf94fbb201b}</UniqueIdentifier>
    </Filter>
  </ItemGroup>
  <ItemGroup>
    <ClCompile Include="..\src\FaceOffApp.cpp">
      <Filter>Source Files</Filter>
    </ClCompile>
    <ClInclude Include="..\include\Resources.h">
      <Filter>Header Files</Filter>
    </ClInclude>
    <ClInclude Include="..\..\Cinder\blocks\Cinder-OpenCV3\include\CinderOpenCV.h">
      <Filter>Blocks\OpenCV3\include</Filter>
    </ClInclude>
    <ClCompile Include="..\..\Cinder\blocks\Cinder-VNM\src\AssetManager.cpp">
      <Filter>Blocks\vnm\src</Filter>
    </ClCompile>
    <ClCompile Include="..\..\Cinder\blocks\Cinder-VNM\src\DistortionHelper.cpp">
      <Filter>Blocks\vnm\src</Filter>
    </ClCompile>
    <ClCompile Include="..\..\Cinder\blocks\Cinder-VNM\src\MiniConfig.cpp">
      <Filter>Blocks\vnm\src</Filter>
    </ClCompile>
    <ClCompile Include="..\src\Clone.cpp">
      <Filter>Source Files</Filter>
    </ClCompile>
    <ClCompile Include="..\src\IFaceTracker\IFaceTracker.cpp">
      <Filter>Source Files\IFaceTracker</Filter>
    </ClCompile>
    <ClCompile Include="..\src\IFaceTracker\jason_saragih_tracker\ciFaceTracker.cpp">
      <Filter>Source Files\IFaceTracker\jason_saragih_tracker</Filter>
    </ClCompile>
    <ClCompile Include="..\src\IFaceTracker\jason_saragih_tracker\lib\CLM.cc">
      <Filter>Source Files\IFaceTracker\jason_saragih_tracker\lib</Filter>
    </ClCompile>
    <ClCompile Include="..\src\IFaceTracker\jason_saragih_tracker\lib\FCheck.cc">
      <Filter>Source Files\IFaceTracker\jason_saragih_tracker\lib</Filter>
    </ClCompile>
    <ClCompile Include="..\src\IFaceTracker\jason_saragih_tracker\lib\FDet.cc">
      <Filter>Source Files\IFaceTracker\jason_saragih_tracker\lib</Filter>
    </ClCompile>
    <ClCompile Include="..\src\IFaceTracker\jason_saragih_tracker\lib\IO.cc">
      <Filter>Source Files\IFaceTracker\jason_saragih_tracker\lib</Filter>
    </ClCompile>
    <ClCompile Include="..\src\IFaceTracker\jason_saragih_tracker\lib\Patch.cc">
      <Filter>Source Files\IFaceTracker\jason_saragih_tracker\lib</Filter>
    </ClCompile>
    <ClCompile Include="..\src\IFaceTracker\jason_saragih_tracker\lib\PAW.cc">
      <Filter>Source Files\IFaceTracker\jason_saragih_tracker\lib</Filter>
    </ClCompile>
    <ClCompile Include="..\src\IFaceTracker\jason_saragih_tracker\lib\PDM.cc">
      <Filter>Source Files\IFaceTracker\jason_saragih_tracker\lib</Filter>
    </ClCompile>
    <ClCompile Include="..\src\IFaceTracker\jason_saragih_tracker\lib\Tracker.cc">
      <Filter>Source Files\IFaceTracker\jason_saragih_tracker\lib</Filter>
    </ClCompile>
    <ClCompile Include="..\..\Cinder\blocks\Cinder-WMFVideo\src\ciWMFVideoPlayerUtils.cpp">
      <Filter>Blocks\WMFVideo\src</Filter>
    </ClCompile>
    <ClCompile Include="..\..\Cinder\blocks\Cinder-WMFVideo\src\ciWMFVideoPlayer.cpp">
      <Filter>Blocks\WMFVideo\src</Filter>
    </ClCompile>
    <ClCompile Include="..\..\Cinder\blocks\Cinder-WMFVideo\src\presenter\scheduler.cpp">
      <Filter>Blocks\WMFVideo\src\presenter</Filter>
    </ClCompile>
    <ClCompile Include="..\..\Cinder\blocks\Cinder-WMFVideo\src\presenter\PresenterHelpers.cpp">
      <Filter>Blocks\WMFVideo\src\presenter</Filter>
    </ClCompile>
    <ClCompile Include="..\..\Cinder\blocks\Cinder-WMFVideo\src\presenter\Presenter.cpp">
      <Filter>Blocks\WMFVideo\src\presenter</Filter>
    </ClCompile>
    <ClCompile Include="..\..\Cinder\blocks\Cinder-WMFVideo\src\presenter\PresentEngine.cpp">
      <Filter>Blocks\WMFVideo\src\presenter</Filter>
    </ClCompile>
    <ClCompile Include="..\..\Cinder\blocks\Cinder-ImGui\src\CinderImGui.cpp">
      <Filter>Blocks\imgui\src</Filter>
    </ClCompile>
    <ClCompile Include="..\..\Cinder\blocks\Cinder-ImGui\lib\imgui\imgui.cpp">
      <Filter>Blocks\imgui\lib</Filter>
    </ClCompile>
    <ClCompile Include="..\..\Cinder\blocks\Cinder-ImGui\lib\imgui\imgui_demo.cpp">
      <Filter>Blocks\imgui\lib</Filter>
    </ClCompile>
    <ClCompile Include="..\..\Cinder\blocks\Cinder-ImGui\lib\imgui\imgui_draw.cpp">
      <Filter>Blocks\imgui\lib</Filter>
    </ClCompile>
    <ClCompile Include="..\..\Cinder\blocks\Cinder-VNM\src\MiniConfigImgui.cpp">
      <Filter>Blocks\vnm\src</Filter>
    </ClCompile>
  </ItemGroup>
  <ItemGroup>
    <ClInclude Include="..\include\Resources.h">
      <Filter>Header Files</Filter>
    </ClInclude>
    <ClInclude Include="..\src\Clone.h">
      <Filter>Source Files</Filter>
    </ClInclude>
    <ClInclude Include="..\..\Cinder\blocks\Cinder-VNM\src\AssetManager.h">
      <Filter>Blocks\vnm\src</Filter>
    </ClInclude>
    <ClInclude Include="..\..\Cinder\blocks\Cinder-VNM\src\CaptureHelper.h">
      <Filter>Blocks\vnm\src</Filter>
    </ClInclude>
    <ClInclude Include="..\..\Cinder\blocks\Cinder-VNM\src\TextureHelper.h">
      <Filter>Blocks\vnm\src</Filter>
    </ClInclude>
    <ClInclude Include="..\src\IFaceTracker\IFaceTracker.h">
      <Filter>Source Files\IFaceTracker</Filter>
    </ClInclude>
    <ClInclude Include="..\src\IFaceTracker\jason_saragih_tracker\ciFaceTracker.h">
      <Filter>Source Files\IFaceTracker\jason_saragih_tracker</Filter>
    </ClInclude>
    <ClInclude Include="..\src\IFaceTracker\jason_saragih_tracker\lib\CLM.h">
      <Filter>Source Files\IFaceTracker\jason_saragih_tracker\lib</Filter>
    </ClInclude>
    <ClInclude Include="..\src\IFaceTracker\jason_saragih_tracker\lib\FCheck.h">
      <Filter>Source Files\IFaceTracker\jason_saragih_tracker\lib</Filter>
    </ClInclude>
    <ClInclude Include="..\src\IFaceTracker\jason_saragih_tracker\lib\FDet.h">
      <Filter>Source Files\IFaceTracker\jason_saragih_tracker\lib</Filter>
    </ClInclude>
    <ClInclude Include="..\src\IFaceTracker\jason_saragih_tracker\lib\IO.h">
      <Filter>Source Files\IFaceTracker\jason_saragih_tracker\lib</Filter>
    </ClInclude>
    <ClInclude Include="..\src\IFaceTracker\jason_saragih_tracker\lib\Patch.h">
      <Filter>Source Files\IFaceTracker\jason_saragih_tracker\lib</Filter>
    </ClInclude>
    <ClInclude Include="..\src\IFaceTracker\jason_saragih_tracker\lib\PAW.h">
      <Filter>Source Files\IFaceTracker\jason_saragih_tracker\lib</Filter>
    </ClInclude>
    <ClInclude Include="..\src\IFaceTracker\jason_saragih_tracker\lib\PDM.h">
      <Filter>Source Files\IFaceTracker\jason_saragih_tracker\lib</Filter>
    </ClInclude>
    <ClInclude Include="..\src\IFaceTracker\jason_saragih_tracker\lib\Tracker.h">
      <Filter>Source Files\IFaceTracker\jason_saragih_tracker\lib</Filter>
    </ClInclude>
    <ClInclude Include="..\..\Cinder\blocks\Cinder-WMFVideo\src\ciWMFVideoPlayerUtils.h">
      <Filter>Blocks\WMFVideo\src</Filter>
    </ClInclude>
    <ClInclude Include="..\..\Cinder\blocks\Cinder-WMFVideo\src\ciWMFVideoPlayer.h">
      <Filter>Blocks\WMFVideo\src</Filter>
    </ClInclude>
    <ClInclude Include="..\..\Cinder\blocks\Cinder-WMFVideo\src\presenter\scheduler.h">
      <Filter>Blocks\WMFVideo\src\presenter</Filter>
    </ClInclude>
    <ClInclude Include="..\..\Cinder\blocks\Cinder-WMFVideo\src\presenter\PresenterHelpers.h">
      <Filter>Blocks\WMFVideo\src\presenter</Filter>
    </ClInclude>
    <ClInclude Include="..\..\Cinder\blocks\Cinder-WMFVideo\src\presenter\Presenter.h">
      <Filter>Blocks\WMFVideo\src\presenter</Filter>
    </ClInclude>
    <ClInclude Include="..\..\Cinder\blocks\Cinder-WMFVideo\src\presenter\PresentEngine.h">
      <Filter>Blocks\WMFVideo\src\presenter</Filter>
    </ClInclude>
    <ClInclude Include="..\..\Cinder\blocks\Cinder-WMFVideo\src\presenter\EVRPresenterUuid.h">
      <Filter>Blocks\WMFVideo\src\presenter</Filter>
    </ClInclude>
    <ClInclude Include="..\..\Cinder\blocks\Cinder-WMFVideo\src\presenter\EVRPresenter.h">
      <Filter>Blocks\WMFVideo\src\presenter</Filter>
    </ClInclude>
    <ClInclude Include="..\..\Cinder\blocks\Cinder-ImGui\include\CinderImGui.h">
      <Filter>Blocks\imgui\include</Filter>
    </ClInclude>
    <ClInclude Include="..\..\Cinder\blocks\Cinder-ImGui\include\imgui_user.h">
      <Filter>Blocks\imgui\include</Filter>
    </ClInclude>
    <ClInclude Include="..\..\Cinder\blocks\Cinder-ImGui\lib\imgui\stb_truetype.h">
      <Filter>Blocks\imgui\lib</Filter>
    </ClInclude>
    <ClInclude Include="..\..\Cinder\blocks\Cinder-ImGui\lib\imgui\imgui.h">
      <Filter>Blocks\imgui\lib</Filter>
    </ClInclude>
    <ClInclude Include="..\..\Cinder\blocks\Cinder-ImGui\lib\imgui\stb_textedit.h">
      <Filter>Blocks\imgui\lib</Filter>
    </ClInclude>
    <ClInclude Include="..\..\Cinder\blocks\Cinder-ImGui\lib\imgui\imgui_internal.h">
      <Filter>Blocks\imgui\lib</Filter>
    </ClInclude>
    <ClInclude Include="..\..\Cinder\blocks\Cinder-ImGui\lib\imgui\stb_rect_pack.h">
      <Filter>Blocks\imgui\lib</Filter>
    </ClInclude>
    <ClInclude Include="..\..\Cinder\blocks\Cinder-ImGui\lib\imgui\imconfig.h">
      <Filter>Blocks\imgui\lib</Filter>
    </ClInclude>
  </ItemGroup>
  <ItemGroup>
    <ResourceCompile Include="Resources.rc">
      <Filter>Resource Files</Filter>
    </ResourceCompile>
  </ItemGroup>
  <ItemGroup>
    <None Include="..\include\item.def">
      <Filter>Header Files</Filter>
    </None>
    <None Include="..\src\IFaceTracker\jason_saragih_tracker\lib\COPYRIGHT">
      <Filter>Source Files\IFaceTracker\jason_saragih_tracker\lib</Filter>
    </None>
    <None Include="..\src\IFaceTracker\jason_saragih_tracker\lib\Makefile">
      <Filter>Source Files\IFaceTracker\jason_saragih_tracker\lib</Filter>
    </None>
    <None Include="..\src\IFaceTracker\jason_saragih_tracker\lib\README">
      <Filter>Source Files\IFaceTracker\jason_saragih_tracker\lib</Filter>
    </None>
    <None Include="..\..\Cinder\blocks\Cinder-ImGui\include\imgui_user.inl">
      <Filter>Blocks\imgui\include</Filter>
    </None>
  </ItemGroup>
</Project>