// !$*UTF8*$!
{
	archiveVersion = 1;
	classes = {
	};
	objectVersion = 46;
	objects = {

/* Begin PBXBuildFile section */
		00748058165D41390024B57A /* assets in Resources */ = {isa = PBXBuildFile; fileRef = 00748057165D41390024B57A /* assets */; };
		0087D25512CD809F002CD69F /* CoreText.framework in Frameworks */ = {isa = PBXBuildFile; fileRef = 0087D25412CD809F002CD69F /* CoreText.framework */; };
		00A66A361965AC8800B17EB3 /* Accelerate.framework in Frameworks */ = {isa = PBXBuildFile; fileRef = 00A66A351965AC8800B17EB3 /* Accelerate.framework */; };
		00CFDF6B1138442D0091E310 /* CoreGraphics.framework in Frameworks */ = {isa = PBXBuildFile; fileRef = 00CFDF6A1138442D0091E310 /* CoreGraphics.framework */; };
		03959E52CE154A2B9842A31A /* AssetManager.cpp in Sources */ = {isa = PBXBuildFile; fileRef = 048283C8EC88493DAE215FC7 /* AssetManager.cpp */; };
		1D60589F0D05DD5A006BFB54 /* Foundation.framework in Frameworks */ = {isa = PBXBuildFile; fileRef = 1D30AB110D05D00D00671497 /* Foundation.framework */; };
		1DF5F4E00D08C38300B7A737 /* UIKit.framework in Frameworks */ = {isa = PBXBuildFile; fileRef = 1DF5F4DF0D08C38300B7A737 /* UIKit.framework */; };
		28FD15000DC6FC520079059D /* OpenGLES.framework in Frameworks */ = {isa = PBXBuildFile; fileRef = 28FD14FF0DC6FC520079059D /* OpenGLES.framework */; };
		28FD15080DC6FC5B0079059D /* QuartzCore.framework in Frameworks */ = {isa = PBXBuildFile; fileRef = 28FD15070DC6FC5B0079059D /* QuartzCore.framework */; };
		586989F1497D423B904455D5 /* LaunchScreen.xib in Resources */ = {isa = PBXBuildFile; fileRef = FD8BB986F7E449E89284CB72 /* LaunchScreen.xib */; };
		742513D51D09B5630073FBCA /* IFaceTracker.cpp in Sources */ = {isa = PBXBuildFile; fileRef = 742513BC1D09B5630073FBCA /* IFaceTracker.cpp */; };
		742513D61D09B5630073FBCA /* ciFaceTracker.cpp in Sources */ = {isa = PBXBuildFile; fileRef = 742513BF1D09B5630073FBCA /* ciFaceTracker.cpp */; };
		742513D71D09B5630073FBCA /* CLM.cc in Sources */ = {isa = PBXBuildFile; fileRef = 742513C21D09B5630073FBCA /* CLM.cc */; };
		742513D81D09B5630073FBCA /* COPYRIGHT in Resources */ = {isa = PBXBuildFile; fileRef = 742513C41D09B5630073FBCA /* COPYRIGHT */; };
		742513D91D09B5630073FBCA /* FCheck.cc in Sources */ = {isa = PBXBuildFile; fileRef = 742513C51D09B5630073FBCA /* FCheck.cc */; };
		742513DA1D09B5630073FBCA /* FDet.cc in Sources */ = {isa = PBXBuildFile; fileRef = 742513C71D09B5630073FBCA /* FDet.cc */; };
		742513DB1D09B5630073FBCA /* IO.cc in Sources */ = {isa = PBXBuildFile; fileRef = 742513C91D09B5630073FBCA /* IO.cc */; };
		742513DC1D09B5630073FBCA /* Makefile in Sources */ = {isa = PBXBuildFile; fileRef = 742513CB1D09B5630073FBCA /* Makefile */; };
		742513DD1D09B5630073FBCA /* Patch.cc in Sources */ = {isa = PBXBuildFile; fileRef = 742513CC1D09B5630073FBCA /* Patch.cc */; };
		742513DE1D09B5630073FBCA /* PAW.cc in Sources */ = {isa = PBXBuildFile; fileRef = 742513CE1D09B5630073FBCA /* PAW.cc */; };
		742513DF1D09B5630073FBCA /* PDM.cc in Sources */ = {isa = PBXBuildFile; fileRef = 742513D01D09B5630073FBCA /* PDM.cc */; };
		742513E01D09B5630073FBCA /* README in Resources */ = {isa = PBXBuildFile; fileRef = 742513D21D09B5630073FBCA /* README */; };
		742513E11D09B5630073FBCA /* Tracker.cc in Sources */ = {isa = PBXBuildFile; fileRef = 742513D31D09B5630073FBCA /* Tracker.cc */; };
		74A5479E1CFAE7B300C05CAC /* Clone.cpp in Sources */ = {isa = PBXBuildFile; fileRef = 74A547901CFAE7B300C05CAC /* Clone.cpp */; };
		74A547A01CFAE7BD00C05CAC /* item.def in Resources */ = {isa = PBXBuildFile; fileRef = 74A5479F1CFAE7BD00C05CAC /* item.def */; };
		81C2F7C7FCCD4858863E412E /* DistortionHelper.cpp in Sources */ = {isa = PBXBuildFile; fileRef = 15A5109E1C0245ABAF5B25D7 /* DistortionHelper.cpp */; };
		83B21AE6FC5A4F9DBE9F2252 /* FaceOffApp.cpp in Sources */ = {isa = PBXBuildFile; fileRef = 720A519E19DA44CEAB1B3D2D /* FaceOffApp.cpp */; };
		9714D3E08F884AA59720284D /* CinderApp_ios.png in Resources */ = {isa = PBXBuildFile; fileRef = C300FC69A8074EAF9827E463 /* CinderApp_ios.png */; };
		A901921565DA41FF88833CC0 /* MiniConfig.cpp in Sources */ = {isa = PBXBuildFile; fileRef = 246C662365EC42C290CF175C /* MiniConfig.cpp */; };
		C725DFFE121DAC7F00FA186B /* CoreMedia.framework in Frameworks */ = {isa = PBXBuildFile; fileRef = C727C02B121B400300192073 /* CoreMedia.framework */; settings = {ATTRIBUTES = (Weak, ); }; };
		C725E001121DAC8F00FA186B /* AVFoundation.framework in Frameworks */ = {isa = PBXBuildFile; fileRef = C725E000121DAC8F00FA186B /* AVFoundation.framework */; settings = {ATTRIBUTES = (Weak, ); }; };
		C725E001121DAC8FFFFA18FF /* ImageIO.framework in Frameworks */ = {isa = PBXBuildFile; fileRef = 00CFDF6A1138442D0091FFFF /* ImageIO.framework */; };
		C727C02E121B400300192073 /* CoreVideo.framework in Frameworks */ = {isa = PBXBuildFile; fileRef = C727C02D121B400300192073 /* CoreVideo.framework */; settings = {ATTRIBUTES = (Weak, ); }; };
		C7FB19D6124BC0D70045AFD2 /* AudioToolbox.framework in Frameworks */ = {isa = PBXBuildFile; fileRef = C7FB19D5124BC0D70045AFD2 /* AudioToolbox.framework */; };
		C8A7432F173A4C2B8B13BE85 /* Images.xcassets in Resources */ = {isa = PBXBuildFile; fileRef = 60539AFC2081411DBB11E9D4 /* Images.xcassets */; };
		DDDDE001121DAC8FFFFADDDD /* MobileCoreServices.framework in Frameworks */ = {isa = PBXBuildFile; fileRef = DDDDDF6A1138442D0091DDDD /* MobileCoreServices.framework */; };
/* End PBXBuildFile section */

/* Begin PBXFileReference section */
		00692BCF14FF149000D0A05E /* FaceOff.app */ = {isa = PBXFileReference; explicitFileType = wrapper.application; includeInIndex = 0; path = FaceOff.app; sourceTree = BUILT_PRODUCTS_DIR; };
		00748057165D41390024B57A /* assets */ = {isa = PBXFileReference; lastKnownFileType = folder; name = assets; path = ../assets; sourceTree = "<group>"; };
		0087D25412CD809F002CD69F /* CoreText.framework */ = {isa = PBXFileReference; lastKnownFileType = wrapper.framework; name = CoreText.framework; path = System/Library/Frameworks/CoreText.framework; sourceTree = SDKROOT; };
		00A66A351965AC8800B17EB3 /* Accelerate.framework */ = {isa = PBXFileReference; lastKnownFileType = wrapper.framework; name = Accelerate.framework; path = System/Library/Frameworks/Accelerate.framework; sourceTree = SDKROOT; };
		00CFDF6A1138442D0091E310 /* CoreGraphics.framework */ = {isa = PBXFileReference; lastKnownFileType = wrapper.framework; name = CoreGraphics.framework; path = System/Library/Frameworks/CoreGraphics.framework; sourceTree = SDKROOT; };
		00CFDF6A1138442D0091FFFF /* ImageIO.framework */ = {isa = PBXFileReference; lastKnownFileType = wrapper.framework; name = ImageIO.framework; path = System/Library/Frameworks/ImageIO.framework; sourceTree = SDKROOT; };
		048283C8EC88493DAE215FC7 /* AssetManager.cpp */ = {isa = PBXFileReference; lastKnownFileType = sourcecode.c.cpp; name = AssetManager.cpp; path = "../../Cinder/blocks/Cinder-VNM/src/AssetManager.cpp"; sourceTree = "<group>"; };
		15A5109E1C0245ABAF5B25D7 /* DistortionHelper.cpp */ = {isa = PBXFileReference; lastKnownFileType = sourcecode.c.cpp; name = DistortionHelper.cpp; path = "../../Cinder/blocks/Cinder-VNM/src/DistortionHelper.cpp"; sourceTree = "<group>"; };
		1D30AB110D05D00D00671497 /* Foundation.framework */ = {isa = PBXFileReference; lastKnownFileType = wrapper.framework; name = Foundation.framework; path = System/Library/Frameworks/Foundation.framework; sourceTree = SDKROOT; };
		1DF5F4DF0D08C38300B7A737 /* UIKit.framework */ = {isa = PBXFileReference; lastKnownFileType = wrapper.framework; name = UIKit.framework; path = System/Library/Frameworks/UIKit.framework; sourceTree = SDKROOT; };
		246C662365EC42C290CF175C /* MiniConfig.cpp */ = {isa = PBXFileReference; lastKnownFileType = sourcecode.c.cpp; name = MiniConfig.cpp; path = "../../Cinder/blocks/Cinder-VNM/src/MiniConfig.cpp"; sourceTree = "<group>"; };
		28FD14FF0DC6FC520079059D /* OpenGLES.framework */ = {isa = PBXFileReference; lastKnownFileType = wrapper.framework; name = OpenGLES.framework; path = System/Library/Frameworks/OpenGLES.framework; sourceTree = SDKROOT; };
		28FD15070DC6FC5B0079059D /* QuartzCore.framework */ = {isa = PBXFileReference; lastKnownFileType = wrapper.framework; name = QuartzCore.framework; path = System/Library/Frameworks/QuartzCore.framework; sourceTree = SDKROOT; };
		60539AFC2081411DBB11E9D4 /* Images.xcassets */ = {isa = PBXFileReference; lastKnownFileType = "\"\""; path = Images.xcassets; sourceTree = "<group>"; };
		720A519E19DA44CEAB1B3D2D /* FaceOffApp.cpp */ = {isa = PBXFileReference; lastKnownFileType = sourcecode.c.cpp; name = FaceOffApp.cpp; path = ../src/FaceOffApp.cpp; sourceTree = "<group>"; };
		742513BC1D09B5630073FBCA /* IFaceTracker.cpp */ = {isa = PBXFileReference; fileEncoding = 4; lastKnownFileType = sourcecode.cpp.cpp; path = IFaceTracker.cpp; sourceTree = "<group>"; };
		742513BD1D09B5630073FBCA /* IFaceTracker.h */ = {isa = PBXFileReference; fileEncoding = 4; lastKnownFileType = sourcecode.c.h; path = IFaceTracker.h; sourceTree = "<group>"; };
		742513BF1D09B5630073FBCA /* ciFaceTracker.cpp */ = {isa = PBXFileReference; fileEncoding = 4; lastKnownFileType = sourcecode.cpp.cpp; path = ciFaceTracker.cpp; sourceTree = "<group>"; };
		742513C01D09B5630073FBCA /* ciFaceTracker.h */ = {isa = PBXFileReference; fileEncoding = 4; lastKnownFileType = sourcecode.c.h; path = ciFaceTracker.h; sourceTree = "<group>"; };
		742513C21D09B5630073FBCA /* CLM.cc */ = {isa = PBXFileReference; fileEncoding = 4; lastKnownFileType = sourcecode.cpp.cpp; path = CLM.cc; sourceTree = "<group>"; };
		742513C31D09B5630073FBCA /* CLM.h */ = {isa = PBXFileReference; fileEncoding = 4; lastKnownFileType = sourcecode.c.h; path = CLM.h; sourceTree = "<group>"; };
		742513C41D09B5630073FBCA /* COPYRIGHT */ = {isa = PBXFileReference; fileEncoding = 4; lastKnownFileType = text; path = COPYRIGHT; sourceTree = "<group>"; };
		742513C51D09B5630073FBCA /* FCheck.cc */ = {isa = PBXFileReference; fileEncoding = 4; lastKnownFileType = sourcecode.cpp.cpp; path = FCheck.cc; sourceTree = "<group>"; };
		742513C61D09B5630073FBCA /* FCheck.h */ = {isa = PBXFileReference; fileEncoding = 4; lastKnownFileType = sourcecode.c.h; path = FCheck.h; sourceTree = "<group>"; };
		742513C71D09B5630073FBCA /* FDet.cc */ = {isa = PBXFileReference; fileEncoding = 4; lastKnownFileType = sourcecode.cpp.cpp; path = FDet.cc; sourceTree = "<group>"; };
		742513C81D09B5630073FBCA /* FDet.h */ = {isa = PBXFileReference; fileEncoding = 4; lastKnownFileType = sourcecode.c.h; path = FDet.h; sourceTree = "<group>"; };
		742513C91D09B5630073FBCA /* IO.cc */ = {isa = PBXFileReference; fileEncoding = 4; lastKnownFileType = sourcecode.cpp.cpp; path = IO.cc; sourceTree = "<group>"; };
		742513CA1D09B5630073FBCA /* IO.h */ = {isa = PBXFileReference; fileEncoding = 4; lastKnownFileType = sourcecode.c.h; path = IO.h; sourceTree = "<group>"; };
		742513CB1D09B5630073FBCA /* Makefile */ = {isa = PBXFileReference; fileEncoding = 4; lastKnownFileType = sourcecode.make; path = Makefile; sourceTree = "<group>"; };
		742513CC1D09B5630073FBCA /* Patch.cc */ = {isa = PBXFileReference; fileEncoding = 4; lastKnownFileType = sourcecode.cpp.cpp; path = Patch.cc; sourceTree = "<group>"; };
		742513CD1D09B5630073FBCA /* Patch.h */ = {isa = PBXFileReference; fileEncoding = 4; lastKnownFileType = sourcecode.c.h; path = Patch.h; sourceTree = "<group>"; };
		742513CE1D09B5630073FBCA /* PAW.cc */ = {isa = PBXFileReference; fileEncoding = 4; lastKnownFileType = sourcecode.cpp.cpp; path = PAW.cc; sourceTree = "<group>"; };
		742513CF1D09B5630073FBCA /* PAW.h */ = {isa = PBXFileReference; fileEncoding = 4; lastKnownFileType = sourcecode.c.h; path = PAW.h; sourceTree = "<group>"; };
		742513D01D09B5630073FBCA /* PDM.cc */ = {isa = PBXFileReference; fileEncoding = 4; lastKnownFileType = sourcecode.cpp.cpp; path = PDM.cc; sourceTree = "<group>"; };
		742513D11D09B5630073FBCA /* PDM.h */ = {isa = PBXFileReference; fileEncoding = 4; lastKnownFileType = sourcecode.c.h; path = PDM.h; sourceTree = "<group>"; };
		742513D21D09B5630073FBCA /* README */ = {isa = PBXFileReference; fileEncoding = 4; lastKnownFileType = text; path = README; sourceTree = "<group>"; };
		742513D31D09B5630073FBCA /* Tracker.cc */ = {isa = PBXFileReference; fileEncoding = 4; lastKnownFileType = sourcecode.cpp.cpp; path = Tracker.cc; sourceTree = "<group>"; };
		742513D41D09B5630073FBCA /* Tracker.h */ = {isa = PBXFileReference; fileEncoding = 4; lastKnownFileType = sourcecode.c.h; path = Tracker.h; sourceTree = "<group>"; };
		744B67261CFC7492006BE21C /* CaptureHelper.h */ = {isa = PBXFileReference; lastKnownFileType = sourcecode.c.h; name = CaptureHelper.h; path = "../../Cinder/blocks/Cinder-VNM/src/CaptureHelper.h"; sourceTree = "<group>"; };
		744B67271CFC749C006BE21C /* MiniConfig.h */ = {isa = PBXFileReference; lastKnownFileType = sourcecode.c.h; name = MiniConfig.h; path = "../../Cinder/blocks/Cinder-VNM/src/MiniConfig.h"; sourceTree = "<group>"; };
		744B67281CFC749C006BE21C /* MotionHelper.h */ = {isa = PBXFileReference; lastKnownFileType = sourcecode.c.h; name = MotionHelper.h; path = "../../Cinder/blocks/Cinder-VNM/src/MotionHelper.h"; sourceTree = "<group>"; };
		744B67291CFC749C006BE21C /* StateMachine.h */ = {isa = PBXFileReference; lastKnownFileType = sourcecode.c.h; name = StateMachine.h; path = "../../Cinder/blocks/Cinder-VNM/src/StateMachine.h"; sourceTree = "<group>"; };
		744B672A1CFC749C006BE21C /* TextureHelper.h */ = {isa = PBXFileReference; lastKnownFileType = sourcecode.c.h; name = TextureHelper.h; path = "../../Cinder/blocks/Cinder-VNM/src/TextureHelper.h"; sourceTree = "<group>"; };
		74A547901CFAE7B300C05CAC /* Clone.cpp */ = {isa = PBXFileReference; fileEncoding = 4; lastKnownFileType = sourcecode.cpp.cpp; name = Clone.cpp; path = ../src/Clone.cpp; sourceTree = "<group>"; };
		74A547911CFAE7B300C05CAC /* Clone.h */ = {isa = PBXFileReference; fileEncoding = 4; lastKnownFileType = sourcecode.c.h; name = Clone.h; path = ../src/Clone.h; sourceTree = "<group>"; };
		74A5479F1CFAE7BD00C05CAC /* item.def */ = {isa = PBXFileReference; fileEncoding = 4; lastKnownFileType = text; name = item.def; path = ../include/item.def; sourceTree = "<group>"; };
		900028DF1FB34907B73D5B9B /* Resources.h */ = {isa = PBXFileReference; lastKnownFileType = sourcecode.c.h; name = Resources.h; path = ../include/Resources.h; sourceTree = "<group>"; };
		9B814C1668774D5BA66FFBA9 /* CinderOpenCV.h */ = {isa = PBXFileReference; lastKnownFileType = sourcecode.c.h; name = CinderOpenCV.h; path = "../../Cinder/blocks/Cinder-OpenCV3/include/CinderOpenCV.h"; sourceTree = "<group>"; };
		A28415F2C28F4341BD479B72 /* Info.plist */ = {isa = PBXFileReference; lastKnownFileType = text.plist.xml; path = Info.plist; sourceTree = "<group>"; };
		C300FC69A8074EAF9827E463 /* CinderApp_ios.png */ = {isa = PBXFileReference; lastKnownFileType = "\"\""; name = CinderApp_ios.png; path = ../resources/CinderApp_ios.png; sourceTree = "<group>"; };
		C725E000121DAC8F00FA186B /* AVFoundation.framework */ = {isa = PBXFileReference; lastKnownFileType = wrapper.framework; name = AVFoundation.framework; path = System/Library/Frameworks/AVFoundation.framework; sourceTree = SDKROOT; };
		C727C02B121B400300192073 /* CoreMedia.framework */ = {isa = PBXFileReference; lastKnownFileType = wrapper.framework; name = CoreMedia.framework; path = System/Library/Frameworks/CoreMedia.framework; sourceTree = SDKROOT; };
		C727C02D121B400300192073 /* CoreVideo.framework */ = {isa = PBXFileReference; lastKnownFileType = wrapper.framework; name = CoreVideo.framework; path = System/Library/Frameworks/CoreVideo.framework; sourceTree = SDKROOT; };
		C7FB19D5124BC0D70045AFD2 /* AudioToolbox.framework */ = {isa = PBXFileReference; lastKnownFileType = wrapper.framework; name = AudioToolbox.framework; path = System/Library/Frameworks/AudioToolbox.framework; sourceTree = SDKROOT; };
		DDDDDF6A1138442D0091DDDD /* MobileCoreServices.framework */ = {isa = PBXFileReference; lastKnownFileType = wrapper.framework; name = MobileCoreServices.framework; path = System/Library/Frameworks/MobileCoreServices.framework; sourceTree = SDKROOT; };
		E303B7FFE2FC4F9BB04E5647 /* FaceOff_Prefix.pch */ = {isa = PBXFileReference; lastKnownFileType = "\"\""; path = FaceOff_Prefix.pch; sourceTree = "<group>"; };
		FD8BB986F7E449E89284CB72 /* LaunchScreen.xib */ = {isa = PBXFileReference; lastKnownFileType = "\"\""; path = LaunchScreen.xib; sourceTree = "<group>"; };
/* End PBXFileReference section */

/* Begin PBXFrameworksBuildPhase section */
		00692BCC14FF149000D0A05E /* Frameworks */ = {
			isa = PBXFrameworksBuildPhase;
			buildActionMask = 2147483647;
			files = (
				C725E001121DAC8F00FA186B /* AVFoundation.framework in Frameworks */,
				C725DFFE121DAC7F00FA186B /* CoreMedia.framework in Frameworks */,
				C725E001121DAC8FFFFA18FF /* ImageIO.framework in Frameworks */,
				DDDDE001121DAC8FFFFADDDD /* MobileCoreServices.framework in Frameworks */,
				1D60589F0D05DD5A006BFB54 /* Foundation.framework in Frameworks */,
				1DF5F4E00D08C38300B7A737 /* UIKit.framework in Frameworks */,
				28FD15000DC6FC520079059D /* OpenGLES.framework in Frameworks */,
				28FD15080DC6FC5B0079059D /* QuartzCore.framework in Frameworks */,
				00CFDF6B1138442D0091E310 /* CoreGraphics.framework in Frameworks */,
				C727C02E121B400300192073 /* CoreVideo.framework in Frameworks */,
				C7FB19D6124BC0D70045AFD2 /* AudioToolbox.framework in Frameworks */,
				00A66A361965AC8800B17EB3 /* Accelerate.framework in Frameworks */,
				0087D25512CD809F002CD69F /* CoreText.framework in Frameworks */,
			);
			runOnlyForDeploymentPostprocessing = 0;
		};
/* End PBXFrameworksBuildPhase section */

/* Begin PBXGroup section */
		00692BC414FF149000D0A05E = {
			isa = PBXGroup;
			children = (
				99692BD914FF149000DFFFFF /* Blocks */,
				99692BD914FF149000D0A05F /* Headers */,
				00692BD914FF149000D0A05E /* Source */,
				00692BD914FF149000D0FFFF /* Resources */,
				00692BD214FF149000D0A05E /* Frameworks */,
				00692BD014FF149000D0A05E /* Products */,
			);
			sourceTree = "<group>";
		};
		00692BD014FF149000D0A05E /* Products */ = {
			isa = PBXGroup;
			children = (
				00692BCF14FF149000D0A05E /* FaceOff.app */,
			);
			name = Products;
			sourceTree = "<group>";
		};
		00692BD214FF149000D0A05E /* Frameworks */ = {
			isa = PBXGroup;
			children = (
				C7FB19D5124BC0D70045AFD2 /* AudioToolbox.framework */,
				00A66A351965AC8800B17EB3 /* Accelerate.framework */,
				C727C02B121B400300192073 /* CoreMedia.framework */,
				C727C02D121B400300192073 /* CoreVideo.framework */,
				28FD15070DC6FC5B0079059D /* QuartzCore.framework */,
				28FD14FF0DC6FC520079059D /* OpenGLES.framework */,
				1DF5F4DF0D08C38300B7A737 /* UIKit.framework */,
				1D30AB110D05D00D00671497 /* Foundation.framework */,
				00CFDF6A1138442D0091E310 /* CoreGraphics.framework */,
				00CFDF6A1138442D0091FFFF /* ImageIO.framework */,
				DDDDDF6A1138442D0091DDDD /* MobileCoreServices.framework */,
				C725E000121DAC8F00FA186B /* AVFoundation.framework */,
				0087D25412CD809F002CD69F /* CoreText.framework */,
			);
			name = Frameworks;
			sourceTree = "<group>";
		};
		00692BD914FF149000D0A05E /* Source */ = {
			isa = PBXGroup;
			children = (
				742513BB1D09B5630073FBCA /* IFaceTracker */,
				74A547901CFAE7B300C05CAC /* Clone.cpp */,
				74A547911CFAE7B300C05CAC /* Clone.h */,
				720A519E19DA44CEAB1B3D2D /* FaceOffApp.cpp */,
			);
			name = Source;
			sourceTree = "<group>";
		};
		00692BD914FF149000D0FFFF /* Resources */ = {
			isa = PBXGroup;
			children = (
				00748057165D41390024B57A /* assets */,
				C300FC69A8074EAF9827E463 /* CinderApp_ios.png */,
				60539AFC2081411DBB11E9D4 /* Images.xcassets */,
				FD8BB986F7E449E89284CB72 /* LaunchScreen.xib */,
				A28415F2C28F4341BD479B72 /* Info.plist */,
			);
			name = Resources;
			sourceTree = "<group>";
		};
		272978287C264DF8A94E4C14 /* vnm */ = {
			isa = PBXGroup;
			children = (
				39106A9A0F1349D4A7B27389 /* src */,
			);
			name = vnm;
			sourceTree = "<group>";
		};
		39106A9A0F1349D4A7B27389 /* src */ = {
			isa = PBXGroup;
			children = (
				744B67261CFC7492006BE21C /* CaptureHelper.h */,
				048283C8EC88493DAE215FC7 /* AssetManager.cpp */,
				15A5109E1C0245ABAF5B25D7 /* DistortionHelper.cpp */,
				744B67271CFC749C006BE21C /* MiniConfig.h */,
				744B67281CFC749C006BE21C /* MotionHelper.h */,
				744B67291CFC749C006BE21C /* StateMachine.h */,
				744B672A1CFC749C006BE21C /* TextureHelper.h */,
				246C662365EC42C290CF175C /* MiniConfig.cpp */,
			);
			name = src;
			sourceTree = "<group>";
		};
		54741D37809D42479ED3C08E /* include */ = {
			isa = PBXGroup;
			children = (
				9B814C1668774D5BA66FFBA9 /* CinderOpenCV.h */,
			);
			name = include;
			sourceTree = "<group>";
		};
		742513BB1D09B5630073FBCA /* IFaceTracker */ = {
			isa = PBXGroup;
			children = (
				742513BC1D09B5630073FBCA /* IFaceTracker.cpp */,
				742513BD1D09B5630073FBCA /* IFaceTracker.h */,
				742513BE1D09B5630073FBCA /* jason_saragih_tracker */,
			);
			name = IFaceTracker;
			path = ../src/IFaceTracker;
			sourceTree = "<group>";
		};
		742513BE1D09B5630073FBCA /* jason_saragih_tracker */ = {
			isa = PBXGroup;
			children = (
				742513BF1D09B5630073FBCA /* ciFaceTracker.cpp */,
				742513C01D09B5630073FBCA /* ciFaceTracker.h */,
				742513C11D09B5630073FBCA /* lib */,
			);
			path = jason_saragih_tracker;
			sourceTree = "<group>";
		};
		742513C11D09B5630073FBCA /* lib */ = {
			isa = PBXGroup;
			children = (
				742513C21D09B5630073FBCA /* CLM.cc */,
				742513C31D09B5630073FBCA /* CLM.h */,
				742513C41D09B5630073FBCA /* COPYRIGHT */,
				742513C51D09B5630073FBCA /* FCheck.cc */,
				742513C61D09B5630073FBCA /* FCheck.h */,
				742513C71D09B5630073FBCA /* FDet.cc */,
				742513C81D09B5630073FBCA /* FDet.h */,
				742513C91D09B5630073FBCA /* IO.cc */,
				742513CA1D09B5630073FBCA /* IO.h */,
				742513CB1D09B5630073FBCA /* Makefile */,
				742513CC1D09B5630073FBCA /* Patch.cc */,
				742513CD1D09B5630073FBCA /* Patch.h */,
				742513CE1D09B5630073FBCA /* PAW.cc */,
				742513CF1D09B5630073FBCA /* PAW.h */,
				742513D01D09B5630073FBCA /* PDM.cc */,
				742513D11D09B5630073FBCA /* PDM.h */,
				742513D21D09B5630073FBCA /* README */,
				742513D31D09B5630073FBCA /* Tracker.cc */,
				742513D41D09B5630073FBCA /* Tracker.h */,
			);
			path = lib;
			sourceTree = "<group>";
		};
		8619BF3C33DA4E79AB6E2634 /* OpenCV3 */ = {
			isa = PBXGroup;
			children = (
				54741D37809D42479ED3C08E /* include */,
			);
			name = OpenCV3;
			sourceTree = "<group>";
		};
		99692BD914FF149000D0A05F /* Headers */ = {
			isa = PBXGroup;
			children = (
				74A5479F1CFAE7BD00C05CAC /* item.def */,
				900028DF1FB34907B73D5B9B /* Resources.h */,
				E303B7FFE2FC4F9BB04E5647 /* FaceOff_Prefix.pch */,
			);
			name = Headers;
			sourceTree = "<group>";
		};
		99692BD914FF149000DFFFFF /* Blocks */ = {
			isa = PBXGroup;
			children = (
				8619BF3C33DA4E79AB6E2634 /* OpenCV3 */,
				272978287C264DF8A94E4C14 /* vnm */,
			);
			name = Blocks;
			sourceTree = "<group>";
		};
/* End PBXGroup section */

/* Begin PBXNativeTarget section */
		00692BCE14FF149000D0A05E /* FaceOff */ = {
			isa = PBXNativeTarget;
			buildConfigurationList = 00692BF514FF149000D0A05E /* Build configuration list for PBXNativeTarget "FaceOff" */;
			buildPhases = (
				00692BCB14FF149000D0A05E /* Sources */,
				00692BCC14FF149000D0A05E /* Frameworks */,
				00692BCD14FF149000D0A05E /* Resources */,
			);
			buildRules = (
			);
			dependencies = (
			);
			name = FaceOff;
			productName = FaceOff;
			productReference = 00692BCF14FF149000D0A05E /* FaceOff.app */;
			productType = "com.apple.product-type.application";
		};
/* End PBXNativeTarget section */

/* Begin PBXProject section */
		00692BC614FF149000D0A05E /* Project object */ = {
			isa = PBXProject;
			attributes = {
			};
			buildConfigurationList = 00692BC914FF149000D0A05E /* Build configuration list for PBXProject "FaceOff" */;
			compatibilityVersion = "Xcode 3.2";
			developmentRegion = English;
			hasScannedForEncodings = 0;
			knownRegions = (
				en,
			);
			mainGroup = 00692BC414FF149000D0A05E;
			productRefGroup = 00692BD014FF149000D0A05E /* Products */;
			projectDirPath = "";
			projectRoot = "";
			targets = (
				00692BCE14FF149000D0A05E /* FaceOff */,
			);
		};
/* End PBXProject section */

/* Begin PBXResourcesBuildPhase section */
		00692BCD14FF149000D0A05E /* Resources */ = {
			isa = PBXResourcesBuildPhase;
			buildActionMask = 2147483647;
			files = (
				00748058165D41390024B57A /* assets in Resources */,
				9714D3E08F884AA59720284D /* CinderApp_ios.png in Resources */,
				742513D81D09B5630073FBCA /* COPYRIGHT in Resources */,
				C8A7432F173A4C2B8B13BE85 /* Images.xcassets in Resources */,
				74A547A01CFAE7BD00C05CAC /* item.def in Resources */,
				586989F1497D423B904455D5 /* LaunchScreen.xib in Resources */,
				742513E01D09B5630073FBCA /* README in Resources */,
			);
			runOnlyForDeploymentPostprocessing = 0;
		};
/* End PBXResourcesBuildPhase section */

/* Begin PBXSourcesBuildPhase section */
		00692BCB14FF149000D0A05E /* Sources */ = {
			isa = PBXSourcesBuildPhase;
			buildActionMask = 2147483647;
			files = (
				742513DB1D09B5630073FBCA /* IO.cc in Sources */,
				742513D61D09B5630073FBCA /* ciFaceTracker.cpp in Sources */,
				83B21AE6FC5A4F9DBE9F2252 /* FaceOffApp.cpp in Sources */,
				03959E52CE154A2B9842A31A /* AssetManager.cpp in Sources */,
				81C2F7C7FCCD4858863E412E /* DistortionHelper.cpp in Sources */,
				742513DA1D09B5630073FBCA /* FDet.cc in Sources */,
				742513DC1D09B5630073FBCA /* Makefile in Sources */,
				74A5479E1CFAE7B300C05CAC /* Clone.cpp in Sources */,
				A901921565DA41FF88833CC0 /* MiniConfig.cpp in Sources */,
				742513DD1D09B5630073FBCA /* Patch.cc in Sources */,
				742513E11D09B5630073FBCA /* Tracker.cc in Sources */,
				742513DF1D09B5630073FBCA /* PDM.cc in Sources */,
				742513DE1D09B5630073FBCA /* PAW.cc in Sources */,
				742513D71D09B5630073FBCA /* CLM.cc in Sources */,
				742513D51D09B5630073FBCA /* IFaceTracker.cpp in Sources */,
				742513D91D09B5630073FBCA /* FCheck.cc in Sources */,
			);
			runOnlyForDeploymentPostprocessing = 0;
		};
/* End PBXSourcesBuildPhase section */

/* Begin XCBuildConfiguration section */
		00692BF314FF149000D0A05E /* Debug */ = {
			isa = XCBuildConfiguration;
			buildSettings = {
				ALWAYS_SEARCH_USER_PATHS = NO;
				ARCHS = (
					armv7,
					arm64,
				);
				ASSETCATALOG_COMPILER_LAUNCHIMAGE_NAME = LaunchImage;
				CINDER_PATH = ../../Cinder;
				CLANG_CXX_LANGUAGE_STANDARD = "c++11";
				CLANG_CXX_LIBRARY = "libc++";
				"CODE_SIGN_IDENTITY[sdk=iphoneos*]" = "iPhone Developer";
				COPY_PHASE_STRIP = NO;
				DEAD_CODE_STRIPPING = YES;
				GCC_C_LANGUAGE_STANDARD = gnu99;
				GCC_DYNAMIC_NO_PIC = NO;
				GCC_OPTIMIZATION_LEVEL = 0;
				GCC_PREPROCESSOR_DEFINITIONS = (
					"DEBUG=1",
					"$(inherited)",
				);
				GCC_SYMBOLS_PRIVATE_EXTERN = NO;
				GCC_VERSION = com.apple.compilers.llvm.clang.1_0;
				GCC_WARN_ABOUT_MISSING_PROTOTYPES = YES;
				GCC_WARN_ABOUT_RETURN_TYPE = YES;
				GCC_WARN_UNUSED_VARIABLE = YES;
				HEADER_SEARCH_PATHS = "\"$(CINDER_PATH)/include\"";
				IPHONEOS_DEPLOYMENT_TARGET = 6.0;
				SDKROOT = iphoneos;
				TARGETED_DEVICE_FAMILY = "1,2";
				USER_HEADER_SEARCH_PATHS = "\"$(CINDER_PATH)/include\" ../include \"../../Cinder/blocks/Cinder-OpenCV3/include\" \"../../Cinder/blocks/Cinder-VNM/src\"";
			};
			name = Debug;
		};
		00692BF414FF149000D0A05E /* Release */ = {
			isa = XCBuildConfiguration;
			buildSettings = {
				ALWAYS_SEARCH_USER_PATHS = NO;
				ARCHS = "$(ARCHS_STANDARD)";
				ASSETCATALOG_COMPILER_LAUNCHIMAGE_NAME = LaunchImage;
				CINDER_PATH = ../../Cinder;
				CLANG_CXX_LANGUAGE_STANDARD = "c++11";
				CLANG_CXX_LIBRARY = "libc++";
				"CODE_SIGN_IDENTITY[sdk=iphoneos*]" = "iPhone Developer";
				COPY_PHASE_STRIP = YES;
				DEAD_CODE_STRIPPING = YES;
				GCC_C_LANGUAGE_STANDARD = gnu99;
				GCC_PREPROCESSOR_DEFINITIONS = (
					"NDEBUG=1",
					"$(inherited)",
				);
				GCC_VERSION = com.apple.compilers.llvm.clang.1_0;
				GCC_WARN_ABOUT_MISSING_PROTOTYPES = YES;
				GCC_WARN_ABOUT_RETURN_TYPE = YES;
				GCC_WARN_UNUSED_VARIABLE = YES;
				HEADER_SEARCH_PATHS = "\"$(CINDER_PATH)/include\"";
				IPHONEOS_DEPLOYMENT_TARGET = 6.0;
				OTHER_CFLAGS = "-DNS_BLOCK_ASSERTIONS=1";
				SDKROOT = iphoneos;
				TARGETED_DEVICE_FAMILY = "1,2";
				USER_HEADER_SEARCH_PATHS = "\"$(CINDER_PATH)/include\" ../include \"../../Cinder/blocks/Cinder-OpenCV3/include\" \"../../Cinder/blocks/Cinder-VNM/src\"";
				VALIDATE_PRODUCT = YES;
			};
			name = Release;
		};
		00692BF614FF149000D0A05E /* Debug */ = {
			isa = XCBuildConfiguration;
			buildSettings = {
				ENABLE_BITCODE = NO;
				GCC_PRECOMPILE_PREFIX_HEADER = YES;
				GCC_PREFIX_HEADER = FaceOff_Prefix.pch;
				INFOPLIST_FILE = Info.plist;
				"OTHER_LDFLAGS[sdk=iphoneos*][arch=*]" = (
					"\"$(CINDER_PATH)/lib/libcinder-iphone_d.a\"",
					"-lz",
					"\"../../Cinder/blocks/Cinder-OpenCV3/lib/ios/libopencv.a\"",
				);
				"OTHER_LDFLAGS[sdk=iphonesimulator*][arch=*]" = (
					"\"$(CINDER_PATH)/lib/libcinder-iphone-sim_d.a\"",
					"-lz",
					"\"../../Cinder/blocks/Cinder-OpenCV3/lib/ios-sim/libopencv.a\"",
				);
				PRODUCT_NAME = "$(TARGET_NAME)";
				WRAPPER_EXTENSION = app;
			};
			name = Debug;
		};
		00692BF714FF149000D0A05E /* Release */ = {
			isa = XCBuildConfiguration;
			buildSettings = {
				ENABLE_BITCODE = NO;
				GCC_PRECOMPILE_PREFIX_HEADER = YES;
				GCC_PREFIX_HEADER = FaceOff_Prefix.pch;
				INFOPLIST_FILE = Info.plist;
				"OTHER_LDFLAGS[sdk=iphoneos*][arch=*]" = (
					"\"$(CINDER_PATH)/lib/libcinder-iphone.a\"",
					"-lz",
					"\"../../Cinder/blocks/Cinder-OpenCV3/lib/ios/libopencv.a\"",
				);
				"OTHER_LDFLAGS[sdk=iphonesimulator*][arch=*]" = (
					"\"$(CINDER_PATH)/lib/libcinder-iphone-sim.a\"",
					"-lz",
					"\"../../Cinder/blocks/Cinder-OpenCV3/lib/ios-sim/libopencv.a\"",
				);
				PRODUCT_NAME = "$(TARGET_NAME)";
				WRAPPER_EXTENSION = app;
			};
			name = Release;
		};
/* End XCBuildConfiguration section */

/* Begin XCConfigurationList section */
		00692BC914FF149000D0A05E /* Build configuration list for PBXProject "FaceOff" */ = {
			isa = XCConfigurationList;
			buildConfigurations = (
				00692BF314FF149000D0A05E /* Debug */,
				00692BF414FF149000D0A05E /* Release */,
			);
			defaultConfigurationIsVisible = 0;
			defaultConfigurationName = Release;
		};
		00692BF514FF149000D0A05E /* Build configuration list for PBXNativeTarget "FaceOff" */ = {
			isa = XCConfigurationList;
			buildConfigurations = (
				00692BF614FF149000D0A05E /* Debug */,
				00692BF714FF149000D0A05E /* Release */,
			);
			defaultConfigurationIsVisible = 0;
			defaultConfigurationName = Release;
		};
/* End XCConfigurationList section */
	};
	rootObject = 00692BC614FF149000D0A05E /* Project object */;
}
