// !$*UTF8*$!
{
	archiveVersion = 1;
	classes = {
	};
	objectVersion = 46;
	objects = {

/* Begin PBXBuildFile section */
		006D720419952D00008149E2 /* AVFoundation.framework in Frameworks */ = {isa = PBXBuildFile; fileRef = 006D720219952D00008149E2 /* AVFoundation.framework */; };
		006D720519952D00008149E2 /* CoreMedia.framework in Frameworks */ = {isa = PBXBuildFile; fileRef = 006D720319952D00008149E2 /* CoreMedia.framework */; };
		0091D8F90E81B9330029341E /* OpenGL.framework in Frameworks */ = {isa = PBXBuildFile; fileRef = 0091D8F80E81B9330029341E /* OpenGL.framework */; };
		00B784B30FF439BC000DE1D7 /* Accelerate.framework in Frameworks */ = {isa = PBXBuildFile; fileRef = 00B784AF0FF439BC000DE1D7 /* Accelerate.framework */; };
		00B784B40FF439BC000DE1D7 /* AudioToolbox.framework in Frameworks */ = {isa = PBXBuildFile; fileRef = 00B784B00FF439BC000DE1D7 /* AudioToolbox.framework */; };
		00B784B50FF439BC000DE1D7 /* AudioUnit.framework in Frameworks */ = {isa = PBXBuildFile; fileRef = 00B784B10FF439BC000DE1D7 /* AudioUnit.framework */; };
		00B784B60FF439BC000DE1D7 /* CoreAudio.framework in Frameworks */ = {isa = PBXBuildFile; fileRef = 00B784B20FF439BC000DE1D7 /* CoreAudio.framework */; };
		00B9955A1B128DF400A5C623 /* IOKit.framework in Frameworks */ = {isa = PBXBuildFile; fileRef = 00B995581B128DF400A5C623 /* IOKit.framework */; };
		00B9955B1B128DF400A5C623 /* IOSurface.framework in Frameworks */ = {isa = PBXBuildFile; fileRef = 00B995591B128DF400A5C623 /* IOSurface.framework */; };
		2237EEE8588B43DBA8E48E7A /* CinderApp.icns in Resources */ = {isa = PBXBuildFile; fileRef = 440B1FEF603A4D35BA33F977 /* CinderApp.icns */; };
		38FBF0514EEB4923B74FC5B0 /* AssetManager.cpp in Sources */ = {isa = PBXBuildFile; fileRef = 69A4FBA3522946C68C0A7236 /* AssetManager.cpp */; };
		5323E6B20EAFCA74003A9687 /* CoreVideo.framework in Frameworks */ = {isa = PBXBuildFile; fileRef = 5323E6B10EAFCA74003A9687 /* CoreVideo.framework */; };
		742513AE1D09B4D10073FBCA /* IFaceTracker.cpp in Sources */ = {isa = PBXBuildFile; fileRef = 742513951D09B4D10073FBCA /* IFaceTracker.cpp */; };
		742513AF1D09B4D10073FBCA /* ciFaceTracker.cpp in Sources */ = {isa = PBXBuildFile; fileRef = 742513981D09B4D10073FBCA /* ciFaceTracker.cpp */; };
		742513B01D09B4D10073FBCA /* CLM.cc in Sources */ = {isa = PBXBuildFile; fileRef = 7425139B1D09B4D10073FBCA /* CLM.cc */; };
		742513B11D09B4D10073FBCA /* COPYRIGHT in Resources */ = {isa = PBXBuildFile; fileRef = 7425139D1D09B4D10073FBCA /* COPYRIGHT */; };
		742513B21D09B4D10073FBCA /* FCheck.cc in Sources */ = {isa = PBXBuildFile; fileRef = 7425139E1D09B4D10073FBCA /* FCheck.cc */; };
		742513B31D09B4D10073FBCA /* FDet.cc in Sources */ = {isa = PBXBuildFile; fileRef = 742513A01D09B4D10073FBCA /* FDet.cc */; };
		742513B41D09B4D10073FBCA /* IO.cc in Sources */ = {isa = PBXBuildFile; fileRef = 742513A21D09B4D10073FBCA /* IO.cc */; };
		742513B51D09B4D10073FBCA /* Makefile in Sources */ = {isa = PBXBuildFile; fileRef = 742513A41D09B4D10073FBCA /* Makefile */; };
		742513B61D09B4D10073FBCA /* Patch.cc in Sources */ = {isa = PBXBuildFile; fileRef = 742513A51D09B4D10073FBCA /* Patch.cc */; };
		742513B71D09B4D10073FBCA /* PAW.cc in Sources */ = {isa = PBXBuildFile; fileRef = 742513A71D09B4D10073FBCA /* PAW.cc */; };
		742513B81D09B4D10073FBCA /* PDM.cc in Sources */ = {isa = PBXBuildFile; fileRef = 742513A91D09B4D10073FBCA /* PDM.cc */; };
		742513B91D09B4D10073FBCA /* README in Resources */ = {isa = PBXBuildFile; fileRef = 742513AB1D09B4D10073FBCA /* README */; };
		742513BA1D09B4D10073FBCA /* Tracker.cc in Sources */ = {isa = PBXBuildFile; fileRef = 742513AC1D09B4D10073FBCA /* Tracker.cc */; };
		74265F7A1D1173E8002EE405 /* MiniConfig.cpp in Sources */ = {isa = PBXBuildFile; fileRef = 74265F781D1173E8002EE405 /* MiniConfig.cpp */; };
		74727D4F1D0F001C00EF7B50 /* imgui.cpp in Sources */ = {isa = PBXBuildFile; fileRef = 74727C231D0F001C00EF7B50 /* imgui.cpp */; };
		74727D501D0F001C00EF7B50 /* imgui_demo.cpp in Sources */ = {isa = PBXBuildFile; fileRef = 74727C251D0F001C00EF7B50 /* imgui_demo.cpp */; };
		74727D511D0F001C00EF7B50 /* imgui_draw.cpp in Sources */ = {isa = PBXBuildFile; fileRef = 74727C261D0F001C00EF7B50 /* imgui_draw.cpp */; };
		74727D541D0F001C00EF7B50 /* CinderImGui.cpp in Sources */ = {isa = PBXBuildFile; fileRef = 74727C2E1D0F001C00EF7B50 /* CinderImGui.cpp */; };
		74A547521CFADFF900C05CAC /* item.def in Resources */ = {isa = PBXBuildFile; fileRef = 74A547511CFADFF900C05CAC /* item.def */; };
		74A547551CFAE06300C05CAC /* Clone.cpp in Sources */ = {isa = PBXBuildFile; fileRef = 74A547531CFAE06300C05CAC /* Clone.cpp */; };
		74FDA6041EBF744C004A3A0B /* ImGuizmo.cpp in Sources */ = {isa = PBXBuildFile; fileRef = 74FDA6001EBF744C004A3A0B /* ImGuizmo.cpp */; };
		74FDA6051EBF744C004A3A0B /* LICENSE in Resources */ = {isa = PBXBuildFile; fileRef = 74FDA6021EBF744C004A3A0B /* LICENSE */; };
		74FDA6061EBF744C004A3A0B /* README.md in Sources */ = {isa = PBXBuildFile; fileRef = 74FDA6031EBF744C004A3A0B /* README.md */; };
		8D11072F0486CEB800E47090 /* Cocoa.framework in Frameworks */ = {isa = PBXBuildFile; fileRef = 1058C7A1FEA54F0111CA2CBB /* Cocoa.framework */; };
		C59DFB1955294C3DA7C9882F /* OpenCL.framework in Frameworks */ = {isa = PBXBuildFile; fileRef = 9551DDA29DEC456CA2BC86FB /* OpenCL.framework */; };
		D5701A71C9844149A33FDA8C /* FaceVFXApp.cpp in Sources */ = {isa = PBXBuildFile; fileRef = B93F7ABE481247C2AA97F074 /* FaceVFXApp.cpp */; };
/* End PBXBuildFile section */

/* Begin PBXFileReference section */
		006D720219952D00008149E2 /* AVFoundation.framework */ = {isa = PBXFileReference; lastKnownFileType = wrapper.framework; name = AVFoundation.framework; path = System/Library/Frameworks/AVFoundation.framework; sourceTree = SDKROOT; };
		006D720319952D00008149E2 /* CoreMedia.framework */ = {isa = PBXFileReference; lastKnownFileType = wrapper.framework; name = CoreMedia.framework; path = System/Library/Frameworks/CoreMedia.framework; sourceTree = SDKROOT; };
		0091D8F80E81B9330029341E /* OpenGL.framework */ = {isa = PBXFileReference; lastKnownFileType = wrapper.framework; name = OpenGL.framework; path = /System/Library/Frameworks/OpenGL.framework; sourceTree = "<absolute>"; };
		00B784AF0FF439BC000DE1D7 /* Accelerate.framework */ = {isa = PBXFileReference; lastKnownFileType = wrapper.framework; name = Accelerate.framework; path = System/Library/Frameworks/Accelerate.framework; sourceTree = SDKROOT; };
		00B784B00FF439BC000DE1D7 /* AudioToolbox.framework */ = {isa = PBXFileReference; lastKnownFileType = wrapper.framework; name = AudioToolbox.framework; path = System/Library/Frameworks/AudioToolbox.framework; sourceTree = SDKROOT; };
		00B784B10FF439BC000DE1D7 /* AudioUnit.framework */ = {isa = PBXFileReference; lastKnownFileType = wrapper.framework; name = AudioUnit.framework; path = System/Library/Frameworks/AudioUnit.framework; sourceTree = SDKROOT; };
		00B784B20FF439BC000DE1D7 /* CoreAudio.framework */ = {isa = PBXFileReference; lastKnownFileType = wrapper.framework; name = CoreAudio.framework; path = System/Library/Frameworks/CoreAudio.framework; sourceTree = SDKROOT; };
		00B995581B128DF400A5C623 /* IOKit.framework */ = {isa = PBXFileReference; lastKnownFileType = wrapper.framework; name = IOKit.framework; path = System/Library/Frameworks/IOKit.framework; sourceTree = SDKROOT; };
		00B995591B128DF400A5C623 /* IOSurface.framework */ = {isa = PBXFileReference; lastKnownFileType = wrapper.framework; name = IOSurface.framework; path = System/Library/Frameworks/IOSurface.framework; sourceTree = SDKROOT; };
		1058C7A1FEA54F0111CA2CBB /* Cocoa.framework */ = {isa = PBXFileReference; lastKnownFileType = wrapper.framework; name = Cocoa.framework; path = /System/Library/Frameworks/Cocoa.framework; sourceTree = "<absolute>"; };
		29B97324FDCFA39411CA2CEA /* AppKit.framework */ = {isa = PBXFileReference; lastKnownFileType = wrapper.framework; name = AppKit.framework; path = /System/Library/Frameworks/AppKit.framework; sourceTree = "<absolute>"; };
		29B97325FDCFA39411CA2CEA /* Foundation.framework */ = {isa = PBXFileReference; lastKnownFileType = wrapper.framework; name = Foundation.framework; path = /System/Library/Frameworks/Foundation.framework; sourceTree = "<absolute>"; };
		43D69D8FA4E34C0FB4DACE3F /* FaceVFX_Prefix.pch */ = {isa = PBXFileReference; lastKnownFileType = sourcecode.c.h; path = FaceVFX_Prefix.pch; sourceTree = "<group>"; };
		440B1FEF603A4D35BA33F977 /* CinderApp.icns */ = {isa = PBXFileReference; lastKnownFileType = image.icns; name = CinderApp.icns; path = ../resources/CinderApp.icns; sourceTree = "<group>"; };
		5323E6B10EAFCA74003A9687 /* CoreVideo.framework */ = {isa = PBXFileReference; lastKnownFileType = wrapper.framework; name = CoreVideo.framework; path = /System/Library/Frameworks/CoreVideo.framework; sourceTree = "<absolute>"; };
		69A4FBA3522946C68C0A7236 /* AssetManager.cpp */ = {isa = PBXFileReference; lastKnownFileType = sourcecode.c.cpp; name = AssetManager.cpp; path = "../../Cinder/blocks/Cinder-VNM/src/AssetManager.cpp"; sourceTree = "<group>"; };
		742513951D09B4D10073FBCA /* IFaceTracker.cpp */ = {isa = PBXFileReference; fileEncoding = 4; lastKnownFileType = sourcecode.cpp.cpp; path = IFaceTracker.cpp; sourceTree = "<group>"; };
		742513961D09B4D10073FBCA /* IFaceTracker.h */ = {isa = PBXFileReference; fileEncoding = 4; lastKnownFileType = sourcecode.c.h; path = IFaceTracker.h; sourceTree = "<group>"; };
		742513981D09B4D10073FBCA /* ciFaceTracker.cpp */ = {isa = PBXFileReference; fileEncoding = 4; lastKnownFileType = sourcecode.cpp.cpp; path = ciFaceTracker.cpp; sourceTree = "<group>"; };
		742513991D09B4D10073FBCA /* ciFaceTracker.h */ = {isa = PBXFileReference; fileEncoding = 4; lastKnownFileType = sourcecode.c.h; path = ciFaceTracker.h; sourceTree = "<group>"; };
		7425139B1D09B4D10073FBCA /* CLM.cc */ = {isa = PBXFileReference; fileEncoding = 4; lastKnownFileType = sourcecode.cpp.cpp; path = CLM.cc; sourceTree = "<group>"; };
		7425139C1D09B4D10073FBCA /* CLM.h */ = {isa = PBXFileReference; fileEncoding = 4; lastKnownFileType = sourcecode.c.h; path = CLM.h; sourceTree = "<group>"; };
		7425139D1D09B4D10073FBCA /* COPYRIGHT */ = {isa = PBXFileReference; fileEncoding = 4; lastKnownFileType = text; path = COPYRIGHT; sourceTree = "<group>"; };
		7425139E1D09B4D10073FBCA /* FCheck.cc */ = {isa = PBXFileReference; fileEncoding = 4; lastKnownFileType = sourcecode.cpp.cpp; path = FCheck.cc; sourceTree = "<group>"; };
		7425139F1D09B4D10073FBCA /* FCheck.h */ = {isa = PBXFileReference; fileEncoding = 4; lastKnownFileType = sourcecode.c.h; path = FCheck.h; sourceTree = "<group>"; };
		742513A01D09B4D10073FBCA /* FDet.cc */ = {isa = PBXFileReference; fileEncoding = 4; lastKnownFileType = sourcecode.cpp.cpp; path = FDet.cc; sourceTree = "<group>"; };
		742513A11D09B4D10073FBCA /* FDet.h */ = {isa = PBXFileReference; fileEncoding = 4; lastKnownFileType = sourcecode.c.h; path = FDet.h; sourceTree = "<group>"; };
		742513A21D09B4D10073FBCA /* IO.cc */ = {isa = PBXFileReference; fileEncoding = 4; lastKnownFileType = sourcecode.cpp.cpp; path = IO.cc; sourceTree = "<group>"; };
		742513A31D09B4D10073FBCA /* IO.h */ = {isa = PBXFileReference; fileEncoding = 4; lastKnownFileType = sourcecode.c.h; path = IO.h; sourceTree = "<group>"; };
		742513A41D09B4D10073FBCA /* Makefile */ = {isa = PBXFileReference; fileEncoding = 4; lastKnownFileType = sourcecode.make; path = Makefile; sourceTree = "<group>"; };
		742513A51D09B4D10073FBCA /* Patch.cc */ = {isa = PBXFileReference; fileEncoding = 4; lastKnownFileType = sourcecode.cpp.cpp; path = Patch.cc; sourceTree = "<group>"; };
		742513A61D09B4D10073FBCA /* Patch.h */ = {isa = PBXFileReference; fileEncoding = 4; lastKnownFileType = sourcecode.c.h; path = Patch.h; sourceTree = "<group>"; };
		742513A71D09B4D10073FBCA /* PAW.cc */ = {isa = PBXFileReference; fileEncoding = 4; lastKnownFileType = sourcecode.cpp.cpp; path = PAW.cc; sourceTree = "<group>"; };
		742513A81D09B4D10073FBCA /* PAW.h */ = {isa = PBXFileReference; fileEncoding = 4; lastKnownFileType = sourcecode.c.h; path = PAW.h; sourceTree = "<group>"; };
		742513A91D09B4D10073FBCA /* PDM.cc */ = {isa = PBXFileReference; fileEncoding = 4; lastKnownFileType = sourcecode.cpp.cpp; path = PDM.cc; sourceTree = "<group>"; };
		742513AA1D09B4D10073FBCA /* PDM.h */ = {isa = PBXFileReference; fileEncoding = 4; lastKnownFileType = sourcecode.c.h; path = PDM.h; sourceTree = "<group>"; };
		742513AB1D09B4D10073FBCA /* README */ = {isa = PBXFileReference; fileEncoding = 4; lastKnownFileType = text; path = README; sourceTree = "<group>"; };
		742513AC1D09B4D10073FBCA /* Tracker.cc */ = {isa = PBXFileReference; fileEncoding = 4; lastKnownFileType = sourcecode.cpp.cpp; path = Tracker.cc; sourceTree = "<group>"; };
		742513AD1D09B4D10073FBCA /* Tracker.h */ = {isa = PBXFileReference; fileEncoding = 4; lastKnownFileType = sourcecode.c.h; path = Tracker.h; sourceTree = "<group>"; };
		74265F781D1173E8002EE405 /* MiniConfig.cpp */ = {isa = PBXFileReference; fileEncoding = 4; lastKnownFileType = sourcecode.cpp.cpp; name = MiniConfig.cpp; path = "../../Cinder/blocks/Cinder-VNM/src/MiniConfig.cpp"; sourceTree = "<group>"; };
		7462E2241D12F39B0064F40D /* AssetManager.h */ = {isa = PBXFileReference; fileEncoding = 4; lastKnownFileType = sourcecode.c.h; path = AssetManager.h; sourceTree = "<group>"; };
		7462E2251D12F39B0064F40D /* CaptureHelper.h */ = {isa = PBXFileReference; fileEncoding = 4; lastKnownFileType = sourcecode.c.h; path = CaptureHelper.h; sourceTree = "<group>"; };
		7462E2271D12F39B0064F40D /* MiniConfig.h */ = {isa = PBXFileReference; fileEncoding = 4; lastKnownFileType = sourcecode.c.h; path = MiniConfig.h; sourceTree = "<group>"; };
		7462E2281D12F39B0064F40D /* MiniConfigImgui.h */ = {isa = PBXFileReference; fileEncoding = 4; lastKnownFileType = sourcecode.c.h; path = MiniConfigImgui.h; sourceTree = "<group>"; };
		7462E2291D12F39B0064F40D /* MotionHelper.h */ = {isa = PBXFileReference; fileEncoding = 4; lastKnownFileType = sourcecode.c.h; path = MotionHelper.h; sourceTree = "<group>"; };
		7462E22A1D12F39B0064F40D /* StateMachine.h */ = {isa = PBXFileReference; fileEncoding = 4; lastKnownFileType = sourcecode.c.h; path = StateMachine.h; sourceTree = "<group>"; };
		7462E22B1D12F39B0064F40D /* TextureHelper.h */ = {isa = PBXFileReference; fileEncoding = 4; lastKnownFileType = sourcecode.c.h; path = TextureHelper.h; sourceTree = "<group>"; };
		74727AA11D0F001B00EF7B50 /* CinderImGui.h */ = {isa = PBXFileReference; fileEncoding = 4; lastKnownFileType = sourcecode.c.h; path = CinderImGui.h; sourceTree = "<group>"; };
		74727C221D0F001C00EF7B50 /* imconfig.h */ = {isa = PBXFileReference; fileEncoding = 4; lastKnownFileType = sourcecode.c.h; path = imconfig.h; sourceTree = "<group>"; };
		74727C231D0F001C00EF7B50 /* imgui.cpp */ = {isa = PBXFileReference; fileEncoding = 4; lastKnownFileType = sourcecode.cpp.cpp; path = imgui.cpp; sourceTree = "<group>"; };
		74727C241D0F001C00EF7B50 /* imgui.h */ = {isa = PBXFileReference; fileEncoding = 4; lastKnownFileType = sourcecode.c.h; path = imgui.h; sourceTree = "<group>"; };
		74727C251D0F001C00EF7B50 /* imgui_demo.cpp */ = {isa = PBXFileReference; fileEncoding = 4; lastKnownFileType = sourcecode.cpp.cpp; path = imgui_demo.cpp; sourceTree = "<group>"; };
		74727C261D0F001C00EF7B50 /* imgui_draw.cpp */ = {isa = PBXFileReference; fileEncoding = 4; lastKnownFileType = sourcecode.cpp.cpp; path = imgui_draw.cpp; sourceTree = "<group>"; };
		74727C271D0F001C00EF7B50 /* imgui_internal.h */ = {isa = PBXFileReference; fileEncoding = 4; lastKnownFileType = sourcecode.c.h; path = imgui_internal.h; sourceTree = "<group>"; };
		74727C2A1D0F001C00EF7B50 /* stb_rect_pack.h */ = {isa = PBXFileReference; fileEncoding = 4; lastKnownFileType = sourcecode.c.h; path = stb_rect_pack.h; sourceTree = "<group>"; };
		74727C2B1D0F001C00EF7B50 /* stb_textedit.h */ = {isa = PBXFileReference; fileEncoding = 4; lastKnownFileType = sourcecode.c.h; path = stb_textedit.h; sourceTree = "<group>"; };
		74727C2C1D0F001C00EF7B50 /* stb_truetype.h */ = {isa = PBXFileReference; fileEncoding = 4; lastKnownFileType = sourcecode.c.h; path = stb_truetype.h; sourceTree = "<group>"; };
		74727C2E1D0F001C00EF7B50 /* CinderImGui.cpp */ = {isa = PBXFileReference; fileEncoding = 4; lastKnownFileType = sourcecode.cpp.cpp; path = CinderImGui.cpp; sourceTree = "<group>"; };
		74A547511CFADFF900C05CAC /* item.def */ = {isa = PBXFileReference; fileEncoding = 4; lastKnownFileType = text; name = item.def; path = ../include/item.def; sourceTree = "<group>"; };
		74A547531CFAE06300C05CAC /* Clone.cpp */ = {isa = PBXFileReference; fileEncoding = 4; lastKnownFileType = sourcecode.cpp.cpp; name = Clone.cpp; path = ../src/Clone.cpp; sourceTree = "<group>"; };
		74A547541CFAE06300C05CAC /* Clone.h */ = {isa = PBXFileReference; fileEncoding = 4; lastKnownFileType = sourcecode.c.h; name = Clone.h; path = ../src/Clone.h; sourceTree = "<group>"; };
		74FDA6001EBF744C004A3A0B /* ImGuizmo.cpp */ = {isa = PBXFileReference; fileEncoding = 4; lastKnownFileType = sourcecode.cpp.cpp; path = ImGuizmo.cpp; sourceTree = "<group>"; };
		74FDA6011EBF744C004A3A0B /* ImGuizmo.h */ = {isa = PBXFileReference; fileEncoding = 4; lastKnownFileType = sourcecode.c.h; path = ImGuizmo.h; sourceTree = "<group>"; };
		74FDA6021EBF744C004A3A0B /* LICENSE */ = {isa = PBXFileReference; fileEncoding = 4; lastKnownFileType = text; path = LICENSE; sourceTree = "<group>"; };
		74FDA6031EBF744C004A3A0B /* README.md */ = {isa = PBXFileReference; fileEncoding = 4; lastKnownFileType = net.daringfireball.markdown; path = README.md; sourceTree = "<group>"; };
		8D1107320486CEB800E47090 /* FaceVFX.app */ = {isa = PBXFileReference; explicitFileType = wrapper.application; includeInIndex = 0; path = FaceVFX.app; sourceTree = BUILT_PRODUCTS_DIR; };
		93812A7424014D02859096D6 /* Resources.h */ = {isa = PBXFileReference; lastKnownFileType = sourcecode.c.h; name = Resources.h; path = ../include/Resources.h; sourceTree = "<group>"; };
		9551DDA29DEC456CA2BC86FB /* OpenCL.framework */ = {isa = PBXFileReference; lastKnownFileType = wrapper.framework; name = OpenCL.framework; path = System/Library/Frameworks/OpenCL.framework; sourceTree = SDKROOT; };
		A44AB67F244B4B00A3E2038E /* CinderOpenCV.h */ = {isa = PBXFileReference; lastKnownFileType = sourcecode.c.h; name = CinderOpenCV.h; path = "../../Cinder/blocks/Cinder-OpenCV3/include/CinderOpenCV.h"; sourceTree = "<group>"; };
		B93F7ABE481247C2AA97F074 /* FaceVFXApp.cpp */ = {isa = PBXFileReference; lastKnownFileType = sourcecode.cpp.cpp; name = FaceVFXApp.cpp; path = ../src/FaceVFXApp.cpp; sourceTree = "<group>"; };
		E9259CF2A3C140388B1E0ED6 /* Info.plist */ = {isa = PBXFileReference; lastKnownFileType = text.plist.xml; path = Info.plist; sourceTree = "<group>"; };
/* End PBXFileReference section */

/* Begin PBXFrameworksBuildPhase section */
		8D11072E0486CEB800E47090 /* Frameworks */ = {
			isa = PBXFrameworksBuildPhase;
			buildActionMask = 2147483647;
			files = (
				006D720419952D00008149E2 /* AVFoundation.framework in Frameworks */,
				006D720519952D00008149E2 /* CoreMedia.framework in Frameworks */,
				8D11072F0486CEB800E47090 /* Cocoa.framework in Frameworks */,
				0091D8F90E81B9330029341E /* OpenGL.framework in Frameworks */,
				5323E6B20EAFCA74003A9687 /* CoreVideo.framework in Frameworks */,
				00B784B30FF439BC000DE1D7 /* Accelerate.framework in Frameworks */,
				00B784B40FF439BC000DE1D7 /* AudioToolbox.framework in Frameworks */,
				00B784B50FF439BC000DE1D7 /* AudioUnit.framework in Frameworks */,
				00B784B60FF439BC000DE1D7 /* CoreAudio.framework in Frameworks */,
				00B9955A1B128DF400A5C623 /* IOKit.framework in Frameworks */,
				00B9955B1B128DF400A5C623 /* IOSurface.framework in Frameworks */,
				C59DFB1955294C3DA7C9882F /* OpenCL.framework in Frameworks */,
			);
			runOnlyForDeploymentPostprocessing = 0;
		};
/* End PBXFrameworksBuildPhase section */

/* Begin PBXGroup section */
		01B97315FEAEA392516A2CEA /* Blocks */ = {
			isa = PBXGroup;
			children = (
				74727A9F1D0F000A00EF7B50 /* imgui */,
				677C397BC0154763A546CECE /* OpenCV3 */,
				AA9D270917BD4575954DD719 /* vnm */,
			);
			name = Blocks;
			sourceTree = "<group>";
		};
		080E96DDFE201D6D7F000001 /* Source */ = {
			isa = PBXGroup;
			children = (
				742513941D09B4D10073FBCA /* IFaceTracker */,
				74A547531CFAE06300C05CAC /* Clone.cpp */,
				74A547541CFAE06300C05CAC /* Clone.h */,
				B93F7ABE481247C2AA97F074 /* FaceVFXApp.cpp */,
			);
			name = Source;
			sourceTree = "<group>";
		};
		1058C7A0FEA54F0111CA2CBB /* Linked Frameworks */ = {
			isa = PBXGroup;
			children = (
				006D720219952D00008149E2 /* AVFoundation.framework */,
				006D720319952D00008149E2 /* CoreMedia.framework */,
				00B784AF0FF439BC000DE1D7 /* Accelerate.framework */,
				00B784B00FF439BC000DE1D7 /* AudioToolbox.framework */,
				00B784B10FF439BC000DE1D7 /* AudioUnit.framework */,
				00B784B20FF439BC000DE1D7 /* CoreAudio.framework */,
				5323E6B10EAFCA74003A9687 /* CoreVideo.framework */,
				0091D8F80E81B9330029341E /* OpenGL.framework */,
				1058C7A1FEA54F0111CA2CBB /* Cocoa.framework */,
				00B995581B128DF400A5C623 /* IOKit.framework */,
				00B995591B128DF400A5C623 /* IOSurface.framework */,
			);
			name = "Linked Frameworks";
			sourceTree = "<group>";
		};
		1058C7A2FEA54F0111CA2CBB /* Other Frameworks */ = {
			isa = PBXGroup;
			children = (
				29B97324FDCFA39411CA2CEA /* AppKit.framework */,
				29B97325FDCFA39411CA2CEA /* Foundation.framework */,
			);
			name = "Other Frameworks";
			sourceTree = "<group>";
		};
		19C28FACFE9D520D11CA2CBB /* Products */ = {
			isa = PBXGroup;
			children = (
				8D1107320486CEB800E47090 /* FaceVFX.app */,
			);
			name = Products;
			sourceTree = "<group>";
		};
		29B97314FDCFA39411CA2CEA /* FaceOff */ = {
			isa = PBXGroup;
			children = (
				01B97315FEAEA392516A2CEA /* Blocks */,
				29B97315FDCFA39411CA2CEA /* Headers */,
				080E96DDFE201D6D7F000001 /* Source */,
				29B97317FDCFA39411CA2CEA /* Resources */,
				29B97323FDCFA39411CA2CEA /* Frameworks */,
				19C28FACFE9D520D11CA2CBB /* Products */,
			);
			name = FaceOff;
			sourceTree = "<group>";
		};
		29B97315FDCFA39411CA2CEA /* Headers */ = {
			isa = PBXGroup;
			children = (
				74A547511CFADFF900C05CAC /* item.def */,
				93812A7424014D02859096D6 /* Resources.h */,
				43D69D8FA4E34C0FB4DACE3F /* FaceVFX_Prefix.pch */,
			);
			name = Headers;
			sourceTree = "<group>";
		};
		29B97317FDCFA39411CA2CEA /* Resources */ = {
			isa = PBXGroup;
			children = (
				440B1FEF603A4D35BA33F977 /* CinderApp.icns */,
				E9259CF2A3C140388B1E0ED6 /* Info.plist */,
			);
			name = Resources;
			sourceTree = "<group>";
		};
		29B97323FDCFA39411CA2CEA /* Frameworks */ = {
			isa = PBXGroup;
			children = (
				1058C7A0FEA54F0111CA2CBB /* Linked Frameworks */,
				1058C7A2FEA54F0111CA2CBB /* Other Frameworks */,
				9551DDA29DEC456CA2BC86FB /* OpenCL.framework */,
			);
			name = Frameworks;
			sourceTree = "<group>";
		};
		677C397BC0154763A546CECE /* OpenCV3 */ = {
			isa = PBXGroup;
			children = (
				A3417550AB87473486B10D67 /* include */,
			);
			name = OpenCV3;
			sourceTree = "<group>";
		};
		6CC284E6A9F24C3B97CC02EE /* src */ = {
			isa = PBXGroup;
			children = (
				69A4FBA3522946C68C0A7236 /* AssetManager.cpp */,
				74265F781D1173E8002EE405 /* MiniConfig.cpp */,
			);
			name = src;
			sourceTree = "<group>";
		};
		742513941D09B4D10073FBCA /* IFaceTracker */ = {
			isa = PBXGroup;
			children = (
				742513951D09B4D10073FBCA /* IFaceTracker.cpp */,
				742513961D09B4D10073FBCA /* IFaceTracker.h */,
				742513971D09B4D10073FBCA /* jason_saragih_tracker */,
			);
			name = IFaceTracker;
			path = ../src/IFaceTracker;
			sourceTree = "<group>";
		};
		742513971D09B4D10073FBCA /* jason_saragih_tracker */ = {
			isa = PBXGroup;
			children = (
				742513981D09B4D10073FBCA /* ciFaceTracker.cpp */,
				742513991D09B4D10073FBCA /* ciFaceTracker.h */,
				7425139A1D09B4D10073FBCA /* lib */,
			);
			path = jason_saragih_tracker;
			sourceTree = "<group>";
		};
		7425139A1D09B4D10073FBCA /* lib */ = {
			isa = PBXGroup;
			children = (
				7425139B1D09B4D10073FBCA /* CLM.cc */,
				7425139C1D09B4D10073FBCA /* CLM.h */,
				7425139D1D09B4D10073FBCA /* COPYRIGHT */,
				7425139E1D09B4D10073FBCA /* FCheck.cc */,
				7425139F1D09B4D10073FBCA /* FCheck.h */,
				742513A01D09B4D10073FBCA /* FDet.cc */,
				742513A11D09B4D10073FBCA /* FDet.h */,
				742513A21D09B4D10073FBCA /* IO.cc */,
				742513A31D09B4D10073FBCA /* IO.h */,
				742513A41D09B4D10073FBCA /* Makefile */,
				742513A51D09B4D10073FBCA /* Patch.cc */,
				742513A61D09B4D10073FBCA /* Patch.h */,
				742513A71D09B4D10073FBCA /* PAW.cc */,
				742513A81D09B4D10073FBCA /* PAW.h */,
				742513A91D09B4D10073FBCA /* PDM.cc */,
				742513AA1D09B4D10073FBCA /* PDM.h */,
				742513AB1D09B4D10073FBCA /* README */,
				742513AC1D09B4D10073FBCA /* Tracker.cc */,
				742513AD1D09B4D10073FBCA /* Tracker.h */,
			);
			path = lib;
			sourceTree = "<group>";
		};
		7462E2231D12F39B0064F40D /* include */ = {
			isa = PBXGroup;
			children = (
				7462E2241D12F39B0064F40D /* AssetManager.h */,
				7462E2251D12F39B0064F40D /* CaptureHelper.h */,
				7462E2271D12F39B0064F40D /* MiniConfig.h */,
				7462E2281D12F39B0064F40D /* MiniConfigImgui.h */,
				7462E2291D12F39B0064F40D /* MotionHelper.h */,
				7462E22A1D12F39B0064F40D /* StateMachine.h */,
				7462E22B1D12F39B0064F40D /* TextureHelper.h */,
			);
			name = include;
			path = "../../Cinder/blocks/Cinder-VNM/include";
			sourceTree = "<group>";
		};
		74727A9F1D0F000A00EF7B50 /* imgui */ = {
			isa = PBXGroup;
			children = (
				74727AA01D0F001B00EF7B50 /* include */,
				74727AA41D0F001B00EF7B50 /* lib */,
				74727C2D1D0F001C00EF7B50 /* src */,
			);
			name = imgui;
			sourceTree = "<group>";
		};
		74727AA01D0F001B00EF7B50 /* include */ = {
			isa = PBXGroup;
			children = (
				74727AA11D0F001B00EF7B50 /* CinderImGui.h */,
			);
			name = include;
			path = "../../Cinder/blocks/Cinder-ImGui/include";
			sourceTree = "<group>";
		};
		74727AA41D0F001B00EF7B50 /* lib */ = {
			isa = PBXGroup;
			children = (
				74FDA5FF1EBF744C004A3A0B /* ImGuizmo */,
				74727AA51D0F001B00EF7B50 /* imgui */,
			);
			name = lib;
			path = "../../Cinder/blocks/Cinder-ImGui/lib";
			sourceTree = "<group>";
		};
		74727AA51D0F001B00EF7B50 /* imgui */ = {
			isa = PBXGroup;
			children = (
				74727C221D0F001C00EF7B50 /* imconfig.h */,
				74727C231D0F001C00EF7B50 /* imgui.cpp */,
				74727C241D0F001C00EF7B50 /* imgui.h */,
				74727C251D0F001C00EF7B50 /* imgui_demo.cpp */,
				74727C261D0F001C00EF7B50 /* imgui_draw.cpp */,
				74727C271D0F001C00EF7B50 /* imgui_internal.h */,
				74727C2A1D0F001C00EF7B50 /* stb_rect_pack.h */,
				74727C2B1D0F001C00EF7B50 /* stb_textedit.h */,
				74727C2C1D0F001C00EF7B50 /* stb_truetype.h */,
			);
			path = imgui;
			sourceTree = "<group>";
		};
		74727C2D1D0F001C00EF7B50 /* src */ = {
			isa = PBXGroup;
			children = (
				74727C2E1D0F001C00EF7B50 /* CinderImGui.cpp */,
			);
			name = src;
			path = "../../Cinder/blocks/Cinder-ImGui/src";
			sourceTree = "<group>";
		};
		74FDA5FF1EBF744C004A3A0B /* ImGuizmo */ = {
			isa = PBXGroup;
			children = (
				74FDA6001EBF744C004A3A0B /* ImGuizmo.cpp */,
				74FDA6011EBF744C004A3A0B /* ImGuizmo.h */,
				74FDA6021EBF744C004A3A0B /* LICENSE */,
				74FDA6031EBF744C004A3A0B /* README.md */,
			);
			path = ImGuizmo;
			sourceTree = "<group>";
		};
		A3417550AB87473486B10D67 /* include */ = {
			isa = PBXGroup;
			children = (
				A44AB67F244B4B00A3E2038E /* CinderOpenCV.h */,
			);
			name = include;
			sourceTree = "<group>";
		};
		AA9D270917BD4575954DD719 /* vnm */ = {
			isa = PBXGroup;
			children = (
				7462E2231D12F39B0064F40D /* include */,
				6CC284E6A9F24C3B97CC02EE /* src */,
			);
			name = vnm;
			sourceTree = "<group>";
		};
/* End PBXGroup section */

/* Begin PBXNativeTarget section */
		8D1107260486CEB800E47090 /* FaceVFX */ = {
			isa = PBXNativeTarget;
			buildConfigurationList = C01FCF4A08A954540054247B /* Build configuration list for PBXNativeTarget "FaceVFX" */;
			buildPhases = (
				8D1107290486CEB800E47090 /* Resources */,
				8D11072C0486CEB800E47090 /* Sources */,
				8D11072E0486CEB800E47090 /* Frameworks */,
			);
			buildRules = (
			);
			dependencies = (
			);
			name = FaceVFX;
			productInstallPath = "$(HOME)/Applications";
			productName = FaceOff;
			productReference = 8D1107320486CEB800E47090 /* FaceVFX.app */;
			productType = "com.apple.product-type.application";
		};
/* End PBXNativeTarget section */

/* Begin PBXProject section */
		29B97313FDCFA39411CA2CEA /* Project object */ = {
			isa = PBXProject;
			attributes = {
			};
			buildConfigurationList = C01FCF4E08A954540054247B /* Build configuration list for PBXProject "FaceVFX" */;
			compatibilityVersion = "Xcode 3.2";
			developmentRegion = English;
			hasScannedForEncodings = 1;
			knownRegions = (
				English,
				Japanese,
				French,
				German,
				Base,
			);
			mainGroup = 29B97314FDCFA39411CA2CEA /* FaceOff */;
			projectDirPath = "";
			projectRoot = "";
			targets = (
				8D1107260486CEB800E47090 /* FaceVFX */,
			);
		};
/* End PBXProject section */

/* Begin PBXResourcesBuildPhase section */
		8D1107290486CEB800E47090 /* Resources */ = {
			isa = PBXResourcesBuildPhase;
			buildActionMask = 2147483647;
			files = (
				742513B91D09B4D10073FBCA /* README in Resources */,
				74A547521CFADFF900C05CAC /* item.def in Resources */,
				2237EEE8588B43DBA8E48E7A /* CinderApp.icns in Resources */,
				742513B11D09B4D10073FBCA /* COPYRIGHT in Resources */,
				74FDA6051EBF744C004A3A0B /* LICENSE in Resources */,
			);
			runOnlyForDeploymentPostprocessing = 0;
		};
/* End PBXResourcesBuildPhase section */

/* Begin PBXSourcesBuildPhase section */
		8D11072C0486CEB800E47090 /* Sources */ = {
			isa = PBXSourcesBuildPhase;
			buildActionMask = 2147483647;
			files = (
				74265F7A1D1173E8002EE405 /* MiniConfig.cpp in Sources */,
				742513B41D09B4D10073FBCA /* IO.cc in Sources */,
				742513AF1D09B4D10073FBCA /* ciFaceTracker.cpp in Sources */,
				74FDA6061EBF744C004A3A0B /* README.md in Sources */,
				74727D541D0F001C00EF7B50 /* CinderImGui.cpp in Sources */,
				D5701A71C9844149A33FDA8C /* FaceVFXApp.cpp in Sources */,
				742513B31D09B4D10073FBCA /* FDet.cc in Sources */,
				74727D501D0F001C00EF7B50 /* imgui_demo.cpp in Sources */,
				742513B51D09B4D10073FBCA /* Makefile in Sources */,
				38FBF0514EEB4923B74FC5B0 /* AssetManager.cpp in Sources */,
				74A547551CFAE06300C05CAC /* Clone.cpp in Sources */,
				74FDA6041EBF744C004A3A0B /* ImGuizmo.cpp in Sources */,
				742513B61D09B4D10073FBCA /* Patch.cc in Sources */,
				74727D511D0F001C00EF7B50 /* imgui_draw.cpp in Sources */,
				742513BA1D09B4D10073FBCA /* Tracker.cc in Sources */,
				742513B81D09B4D10073FBCA /* PDM.cc in Sources */,
				742513B71D09B4D10073FBCA /* PAW.cc in Sources */,
				742513B01D09B4D10073FBCA /* CLM.cc in Sources */,
				742513AE1D09B4D10073FBCA /* IFaceTracker.cpp in Sources */,
				742513B21D09B4D10073FBCA /* FCheck.cc in Sources */,
				74727D4F1D0F001C00EF7B50 /* imgui.cpp in Sources */,
			);
			runOnlyForDeploymentPostprocessing = 0;
		};
/* End PBXSourcesBuildPhase section */

/* Begin XCBuildConfiguration section */
		C01FCF4B08A954540054247B /* Debug */ = {
			isa = XCBuildConfiguration;
			buildSettings = {
				COMBINE_HIDPI_IMAGES = YES;
				COPY_PHASE_STRIP = NO;
				DEAD_CODE_STRIPPING = YES;
				GCC_DYNAMIC_NO_PIC = NO;
				GCC_INLINES_ARE_PRIVATE_EXTERN = YES;
				GCC_OPTIMIZATION_LEVEL = 0;
				GCC_PRECOMPILE_PREFIX_HEADER = YES;
				GCC_PREFIX_HEADER = FaceVFX_Prefix.pch;
				GCC_PREPROCESSOR_DEFINITIONS = (
					"DEBUG=1",
					"$(inherited)",
				);
				GCC_SYMBOLS_PRIVATE_EXTERN = NO;
				INFOPLIST_FILE = Info.plist;
				INSTALL_PATH = "$(HOME)/Applications";
				OTHER_LDFLAGS = (
					"\"$(CINDER_PATH)/lib/macosx/Debug/libcinder.a\"",
					"\"../../Cinder/blocks/Cinder-OpenCV3/lib/macosx/libopencv_calib3d.a\"",
					"\"../../Cinder/blocks/Cinder-OpenCV3/lib/macosx/libopencv_core.a\"",
					"\"../../Cinder/blocks/Cinder-OpenCV3/lib/macosx/libopencv_features2d.a\"",
					"\"../../Cinder/blocks/Cinder-OpenCV3/lib/macosx/libopencv_flann.a\"",
					"\"../../Cinder/blocks/Cinder-OpenCV3/lib/macosx/libopencv_hal.a\"",
					"\"../../Cinder/blocks/Cinder-OpenCV3/lib/macosx/libopencv_imgproc.a\"",
					"\"../../Cinder/blocks/Cinder-OpenCV3/lib/macosx/libopencv_ml.a\"",
					"\"../../Cinder/blocks/Cinder-OpenCV3/lib/macosx/libopencv_objdetect.a\"",
					"\"../../Cinder/blocks/Cinder-OpenCV3/lib/macosx/libopencv_photo.a\"",
					"\"../../Cinder/blocks/Cinder-OpenCV3/lib/macosx/libopencv_shape.a\"",
					"\"../../Cinder/blocks/Cinder-OpenCV3/lib/macosx/libopencv_stitching.a\"",
					"\"../../Cinder/blocks/Cinder-OpenCV3/lib/macosx/libopencv_superres.a\"",
					"\"../../Cinder/blocks/Cinder-OpenCV3/lib/macosx/libopencv_video.a\"",
					"\"../../Cinder/blocks/Cinder-OpenCV3/lib/macosx/libopencv_ts.a\"",
					"\"../../Cinder/blocks/Cinder-OpenCV3/lib/macosx/libopencv_videoio.a\"",
					"\"../../Cinder/blocks/Cinder-OpenCV3/lib/macosx/libopencv_videostab.a\"",
					"\"../../Cinder/blocks/Cinder-OpenCV3/lib/macosx/libippicv.a\"",
					"\"-lz\"",
				);
				PRODUCT_BUNDLE_IDENTIFIER = "org.libcinder.${PRODUCT_NAME:rfc1034identifier}";
				PRODUCT_NAME = FaceVFX;
				SYMROOT = ./build;
				USER_HEADER_SEARCH_PATHS = "\"$(CINDER_PATH)/include\" ../include \"../../Cinder/blocks/Cinder-OpenCV3/include\" \"../../Cinder/blocks\"";
				WRAPPER_EXTENSION = app;
			};
			name = Debug;
		};
		C01FCF4C08A954540054247B /* Release */ = {
			isa = XCBuildConfiguration;
			buildSettings = {
				COMBINE_HIDPI_IMAGES = YES;
				DEAD_CODE_STRIPPING = YES;
				DEBUG_INFORMATION_FORMAT = "dwarf-with-dsym";
				GCC_FAST_MATH = YES;
				GCC_GENERATE_DEBUGGING_SYMBOLS = NO;
				GCC_INLINES_ARE_PRIVATE_EXTERN = YES;
				GCC_OPTIMIZATION_LEVEL = 3;
				GCC_PRECOMPILE_PREFIX_HEADER = YES;
				GCC_PREFIX_HEADER = FaceVFX_Prefix.pch;
				GCC_PREPROCESSOR_DEFINITIONS = (
					"NDEBUG=1",
					"$(inherited)",
				);
				GCC_SYMBOLS_PRIVATE_EXTERN = NO;
				INFOPLIST_FILE = Info.plist;
				INSTALL_PATH = "$(HOME)/Applications";
				OTHER_LDFLAGS = (
					"\"$(CINDER_PATH)/lib/macosx/Release/libcinder.a\"",
					"\"../../Cinder/blocks/Cinder-OpenCV3/lib/macosx/libopencv_calib3d.a\"",
					"\"../../Cinder/blocks/Cinder-OpenCV3/lib/macosx/libopencv_core.a\"",
					"\"../../Cinder/blocks/Cinder-OpenCV3/lib/macosx/libopencv_features2d.a\"",
					"\"../../Cinder/blocks/Cinder-OpenCV3/lib/macosx/libopencv_flann.a\"",
					"\"../../Cinder/blocks/Cinder-OpenCV3/lib/macosx/libopencv_hal.a\"",
					"\"../../Cinder/blocks/Cinder-OpenCV3/lib/macosx/libopencv_imgproc.a\"",
					"\"../../Cinder/blocks/Cinder-OpenCV3/lib/macosx/libopencv_ml.a\"",
					"\"../../Cinder/blocks/Cinder-OpenCV3/lib/macosx/libopencv_objdetect.a\"",
					"\"../../Cinder/blocks/Cinder-OpenCV3/lib/macosx/libopencv_photo.a\"",
					"\"../../Cinder/blocks/Cinder-OpenCV3/lib/macosx/libopencv_shape.a\"",
					"\"../../Cinder/blocks/Cinder-OpenCV3/lib/macosx/libopencv_stitching.a\"",
					"\"../../Cinder/blocks/Cinder-OpenCV3/lib/macosx/libopencv_superres.a\"",
					"\"../../Cinder/blocks/Cinder-OpenCV3/lib/macosx/libopencv_video.a\"",
					"\"../../Cinder/blocks/Cinder-OpenCV3/lib/macosx/libopencv_ts.a\"",
					"\"../../Cinder/blocks/Cinder-OpenCV3/lib/macosx/libopencv_videoio.a\"",
					"\"../../Cinder/blocks/Cinder-OpenCV3/lib/macosx/libopencv_videostab.a\"",
					"\"../../Cinder/blocks/Cinder-OpenCV3/lib/macosx/libippicv.a\"",
					"\"-lz\"",
				);
				PRODUCT_BUNDLE_IDENTIFIER = "org.libcinder.${PRODUCT_NAME:rfc1034identifier}";
				PRODUCT_NAME = FaceVFX;
				STRIP_INSTALLED_PRODUCT = YES;
				SYMROOT = ./build;
				USER_HEADER_SEARCH_PATHS = "\"$(CINDER_PATH)/include\" ../include \"../../Cinder/blocks/Cinder-OpenCV3/include\" \"../../Cinder/blocks\"";
				WRAPPER_EXTENSION = app;
			};
			name = Release;
		};
		C01FCF4F08A954540054247B /* Debug */ = {
			isa = XCBuildConfiguration;
			buildSettings = {
				ALWAYS_SEARCH_USER_PATHS = NO;
				CINDER_PATH = ../../Cinder;
				CLANG_CXX_LANGUAGE_STANDARD = "c++11";
				CLANG_CXX_LIBRARY = "libc++";
				ENABLE_TESTABILITY = YES;
				GCC_WARN_ABOUT_RETURN_TYPE = YES;
				GCC_WARN_UNUSED_VARIABLE = YES;
				HEADER_SEARCH_PATHS = "\"$(CINDER_PATH)/include\"";
				MACOSX_DEPLOYMENT_TARGET = 10.8;
				ONLY_ACTIVE_ARCH = YES;
				SDKROOT = macosx;
				USER_HEADER_SEARCH_PATHS = "\"$(CINDER_PATH)/include\" ../include \"../../Cinder/blocks/Cinder-OpenCV3/include\" \"../../Cinder/blocks/Cinder-VNM/src\"";
			};
			name = Debug;
		};
		C01FCF5008A954540054247B /* Release */ = {
			isa = XCBuildConfiguration;
			buildSettings = {
				ALWAYS_SEARCH_USER_PATHS = NO;
				CINDER_PATH = ../../Cinder;
				CLANG_CXX_LANGUAGE_STANDARD = "c++11";
				CLANG_CXX_LIBRARY = "libc++";
				GCC_WARN_ABOUT_RETURN_TYPE = YES;
				GCC_WARN_UNUSED_VARIABLE = YES;
				HEADER_SEARCH_PATHS = "\"$(CINDER_PATH)/include\"";
				MACOSX_DEPLOYMENT_TARGET = 10.8;
				SDKROOT = macosx;
				USER_HEADER_SEARCH_PATHS = "\"$(CINDER_PATH)/include\" ../include \"../../Cinder/blocks/Cinder-OpenCV3/include\" \"../../Cinder/blocks/Cinder-VNM/src\"";
			};
			name = Release;
		};
/* End XCBuildConfiguration section */

/* Begin XCConfigurationList section */
		C01FCF4A08A954540054247B /* Build configuration list for PBXNativeTarget "FaceVFX" */ = {
			isa = XCConfigurationList;
			buildConfigurations = (
				C01FCF4B08A954540054247B /* Debug */,
				C01FCF4C08A954540054247B /* Release */,
			);
			defaultConfigurationIsVisible = 0;
			defaultConfigurationName = Release;
		};
		C01FCF4E08A954540054247B /* Build configuration list for PBXProject "FaceVFX" */ = {
			isa = XCConfigurationList;
			buildConfigurations = (
				C01FCF4F08A954540054247B /* Debug */,
				C01FCF5008A954540054247B /* Release */,
			);
			defaultConfigurationIsVisible = 0;
			defaultConfigurationName = Release;
		};
/* End XCConfigurationList section */
	};
	rootObject = 29B97313FDCFA39411CA2CEA /* Project object */;
}
